// !$*UTF8*$!
{
	archiveVersion = 1;
	classes = {
	};
	objectVersion = 55;
	objects = {

/* Begin PBXBuildFile section */
		9B02F0542859792800C23165 /* LoginViewController.swift in Sources */ = {isa = PBXBuildFile; fileRef = 9B02F0532859792800C23165 /* LoginViewController.swift */; };
		9B513C8D2858DCF5006865AA /* AppDelegate.swift in Sources */ = {isa = PBXBuildFile; fileRef = 9B513C8C2858DCF5006865AA /* AppDelegate.swift */; };
		9B513C8F2858DCF5006865AA /* SceneDelegate.swift in Sources */ = {isa = PBXBuildFile; fileRef = 9B513C8E2858DCF5006865AA /* SceneDelegate.swift */; };
		9B513C962858DCF6006865AA /* Assets.xcassets in Resources */ = {isa = PBXBuildFile; fileRef = 9B513C952858DCF6006865AA /* Assets.xcassets */; };
		9B513C992858DCF6006865AA /* LaunchScreen.storyboard in Resources */ = {isa = PBXBuildFile; fileRef = 9B513C972858DCF6006865AA /* LaunchScreen.storyboard */; };
		9B513CA42858DCF6006865AA /* Uniuni_DriverTests.swift in Sources */ = {isa = PBXBuildFile; fileRef = 9B513CA32858DCF6006865AA /* Uniuni_DriverTests.swift */; };
		9BB7522A285A1B0E003618F6 /* TabbarController.swift in Sources */ = {isa = PBXBuildFile; fileRef = 9BB75229285A1B0E003618F6 /* TabbarController.swift */; };
		9BC9F7EE285CB3FB00376D95 /* Localizable.strings in Resources */ = {isa = PBXBuildFile; fileRef = 9BC9F7F0285CB3FB00376D95 /* Localizable.strings */; };
/* End PBXBuildFile section */

/* Begin PBXContainerItemProxy section */
		9B513CA02858DCF6006865AA /* PBXContainerItemProxy */ = {
			isa = PBXContainerItemProxy;
			containerPortal = 9B513C812858DCF5006865AA /* Project object */;
			proxyType = 1;
			remoteGlobalIDString = 9B513C882858DCF5006865AA;
			remoteInfo = Uniuni_Driver;
		};
		9B513CAA2858DCF6006865AA /* PBXContainerItemProxy */ = {
			isa = PBXContainerItemProxy;
			containerPortal = 9B513C812858DCF5006865AA /* Project object */;
			proxyType = 1;
			remoteGlobalIDString = 9B513C882858DCF5006865AA;
			remoteInfo = Uniuni_Driver;
		};
/* End PBXContainerItemProxy section */

/* Begin PBXFileReference section */
		9B02F0532859792800C23165 /* LoginViewController.swift */ = {isa = PBXFileReference; lastKnownFileType = sourcecode.swift; path = LoginViewController.swift; sourceTree = "<group>"; };
		9B513C892858DCF5006865AA /* Uniuni_Driver.app */ = {isa = PBXFileReference; explicitFileType = wrapper.application; includeInIndex = 0; path = Uniuni_Driver.app; sourceTree = BUILT_PRODUCTS_DIR; };
		9B513C8C2858DCF5006865AA /* AppDelegate.swift */ = {isa = PBXFileReference; lastKnownFileType = sourcecode.swift; path = AppDelegate.swift; sourceTree = "<group>"; };
		9B513C8E2858DCF5006865AA /* SceneDelegate.swift */ = {isa = PBXFileReference; lastKnownFileType = sourcecode.swift; path = SceneDelegate.swift; sourceTree = "<group>"; };
		9B513C952858DCF6006865AA /* Assets.xcassets */ = {isa = PBXFileReference; lastKnownFileType = folder.assetcatalog; path = Assets.xcassets; sourceTree = "<group>"; };
		9B513C982858DCF6006865AA /* Base */ = {isa = PBXFileReference; lastKnownFileType = file.storyboard; name = Base; path = Base.lproj/LaunchScreen.storyboard; sourceTree = "<group>"; };
		9B513C9A2858DCF6006865AA /* Info.plist */ = {isa = PBXFileReference; lastKnownFileType = text.plist.xml; path = Info.plist; sourceTree = "<group>"; };
		9B513C9F2858DCF6006865AA /* Uniuni_DriverTests.xctest */ = {isa = PBXFileReference; explicitFileType = wrapper.cfbundle; includeInIndex = 0; path = Uniuni_DriverTests.xctest; sourceTree = BUILT_PRODUCTS_DIR; };
		9B513CA32858DCF6006865AA /* Uniuni_DriverTests.swift */ = {isa = PBXFileReference; lastKnownFileType = sourcecode.swift; path = Uniuni_DriverTests.swift; sourceTree = "<group>"; };
		9B513CA92858DCF6006865AA /* Uniuni_DriverUITests.xctest */ = {isa = PBXFileReference; explicitFileType = wrapper.cfbundle; includeInIndex = 0; path = Uniuni_DriverUITests.xctest; sourceTree = BUILT_PRODUCTS_DIR; };
		9BB75229285A1B0E003618F6 /* TabbarController.swift */ = {isa = PBXFileReference; lastKnownFileType = sourcecode.swift; path = TabbarController.swift; sourceTree = "<group>"; };
		9BC9F7EF285CB3FB00376D95 /* en */ = {isa = PBXFileReference; lastKnownFileType = text.plist.strings; name = en; path = en.lproj/Localizable.strings; sourceTree = "<group>"; };
		9BC9F7F1285CB4C300376D95 /* fr */ = {isa = PBXFileReference; lastKnownFileType = text.plist.strings; name = fr; path = fr.lproj/LaunchScreen.strings; sourceTree = "<group>"; };
		9BC9F7F2285CB4C400376D95 /* fr */ = {isa = PBXFileReference; lastKnownFileType = text.plist.strings; name = fr; path = fr.lproj/Localizable.strings; sourceTree = "<group>"; };
		9BC9F7F5285CCB8200376D95 /* en */ = {isa = PBXFileReference; lastKnownFileType = text.plist.strings; name = en; path = en.lproj/LaunchScreen.strings; sourceTree = "<group>"; };
/* End PBXFileReference section */

/* Begin PBXFrameworksBuildPhase section */
		9B513C862858DCF5006865AA /* Frameworks */ = {
			isa = PBXFrameworksBuildPhase;
			buildActionMask = 2147483647;
			files = (
			);
			runOnlyForDeploymentPostprocessing = 0;
		};
		9B513C9C2858DCF6006865AA /* Frameworks */ = {
			isa = PBXFrameworksBuildPhase;
			buildActionMask = 2147483647;
			files = (
			);
			runOnlyForDeploymentPostprocessing = 0;
		};
		9B513CA62858DCF6006865AA /* Frameworks */ = {
			isa = PBXFrameworksBuildPhase;
			buildActionMask = 2147483647;
			files = (
			);
			runOnlyForDeploymentPostprocessing = 0;
		};
/* End PBXFrameworksBuildPhase section */

/* Begin PBXGroup section */
		9B02F04D2859784E00C23165 /* Scenes */ = {
			isa = PBXGroup;
			children = (
				9B02F051285978B700C23165 /* Register */,
				9B02F050285978A800C23165 /* Login */,
				9B02F052285978DD00C23165 /* Tab Navigation */,
			);
			path = Scenes;
			sourceTree = "<group>";
		};
		9B02F04F2859788800C23165 /* Custom Views */ = {
			isa = PBXGroup;
			children = (
			);
			path = "Custom Views";
			sourceTree = "<group>";
		};
		9B02F050285978A800C23165 /* Login */ = {
			isa = PBXGroup;
			children = (
				9B02F0532859792800C23165 /* LoginViewController.swift */,
			);
			path = Login;
			sourceTree = "<group>";
		};
		9B02F051285978B700C23165 /* Register */ = {
			isa = PBXGroup;
			children = (
			);
			path = Register;
			sourceTree = "<group>";
		};
		9B02F052285978DD00C23165 /* Tab Navigation */ = {
			isa = PBXGroup;
			children = (
				9BB75229285A1B0E003618F6 /* TabbarController.swift */,
			);
			path = "Tab Navigation";
			sourceTree = "<group>";
		};
		9B513C802858DCF5006865AA = {
			isa = PBXGroup;
			children = (
				9B513C8B2858DCF5006865AA /* Uniuni_Driver */,
				9B513CA22858DCF6006865AA /* Uniuni_DriverTests */,
				9B513C8A2858DCF5006865AA /* Products */,
			);
			sourceTree = "<group>";
		};
		9B513C8A2858DCF5006865AA /* Products */ = {
			isa = PBXGroup;
			children = (
				9B513C892858DCF5006865AA /* Uniuni_Driver.app */,
				9B513C9F2858DCF6006865AA /* Uniuni_DriverTests.xctest */,
				9B513CA92858DCF6006865AA /* Uniuni_DriverUITests.xctest */,
			);
			name = Products;
			sourceTree = "<group>";
		};
		9B513C8B2858DCF5006865AA /* Uniuni_Driver */ = {
			isa = PBXGroup;
			children = (
				9B513C8C2858DCF5006865AA /* AppDelegate.swift */,
				9B513C8E2858DCF5006865AA /* SceneDelegate.swift */,
				9B02F04D2859784E00C23165 /* Scenes */,
				9B02F04F2859788800C23165 /* Custom Views */,
				9B513C952858DCF6006865AA /* Assets.xcassets */,
				9B513C972858DCF6006865AA /* LaunchScreen.storyboard */,
				9B513C9A2858DCF6006865AA /* Info.plist */,
				9BC9F7F0285CB3FB00376D95 /* Localizable.strings */,
			);
			path = Uniuni_Driver;
			sourceTree = "<group>";
		};
		9B513CA22858DCF6006865AA /* Uniuni_DriverTests */ = {
			isa = PBXGroup;
			children = (
				9B513CA32858DCF6006865AA /* Uniuni_DriverTests.swift */,
			);
			path = Uniuni_DriverTests;
			sourceTree = "<group>";
		};
/* End PBXGroup section */

/* Begin PBXNativeTarget section */
		9B513C882858DCF5006865AA /* Uniuni_Driver */ = {
			isa = PBXNativeTarget;
			buildConfigurationList = 9B513CB32858DCF6006865AA /* Build configuration list for PBXNativeTarget "Uniuni_Driver" */;
			buildPhases = (
				9B513C852858DCF5006865AA /* Sources */,
				9B513C862858DCF5006865AA /* Frameworks */,
				9B513C872858DCF5006865AA /* Resources */,
			);
			buildRules = (
			);
			dependencies = (
			);
			name = Uniuni_Driver;
			productName = Uniuni_Driver;
			productReference = 9B513C892858DCF5006865AA /* Uniuni_Driver.app */;
			productType = "com.apple.product-type.application";
		};
		9B513C9E2858DCF6006865AA /* Uniuni_DriverTests */ = {
			isa = PBXNativeTarget;
			buildConfigurationList = 9B513CB62858DCF6006865AA /* Build configuration list for PBXNativeTarget "Uniuni_DriverTests" */;
			buildPhases = (
				9B513C9B2858DCF6006865AA /* Sources */,
				9B513C9C2858DCF6006865AA /* Frameworks */,
				9B513C9D2858DCF6006865AA /* Resources */,
			);
			buildRules = (
			);
			dependencies = (
				9B513CA12858DCF6006865AA /* PBXTargetDependency */,
			);
			name = Uniuni_DriverTests;
			productName = Uniuni_DriverTests;
			productReference = 9B513C9F2858DCF6006865AA /* Uniuni_DriverTests.xctest */;
			productType = "com.apple.product-type.bundle.unit-test";
		};
		9B513CA82858DCF6006865AA /* Uniuni_DriverUITests */ = {
			isa = PBXNativeTarget;
			buildConfigurationList = 9B513CB92858DCF6006865AA /* Build configuration list for PBXNativeTarget "Uniuni_DriverUITests" */;
			buildPhases = (
				9B513CA52858DCF6006865AA /* Sources */,
				9B513CA62858DCF6006865AA /* Frameworks */,
				9B513CA72858DCF6006865AA /* Resources */,
			);
			buildRules = (
			);
			dependencies = (
				9B513CAB2858DCF6006865AA /* PBXTargetDependency */,
			);
			name = Uniuni_DriverUITests;
			productName = Uniuni_DriverUITests;
			productReference = 9B513CA92858DCF6006865AA /* Uniuni_DriverUITests.xctest */;
			productType = "com.apple.product-type.bundle.ui-testing";
		};
/* End PBXNativeTarget section */

/* Begin PBXProject section */
		9B513C812858DCF5006865AA /* Project object */ = {
			isa = PBXProject;
			attributes = {
				BuildIndependentTargetsInParallel = 1;
				LastSwiftUpdateCheck = 1330;
				LastUpgradeCheck = 1330;
				TargetAttributes = {
					9B513C882858DCF5006865AA = {
						CreatedOnToolsVersion = 13.3;
					};
					9B513C9E2858DCF6006865AA = {
						CreatedOnToolsVersion = 13.3;
						TestTargetID = 9B513C882858DCF5006865AA;
					};
					9B513CA82858DCF6006865AA = {
						CreatedOnToolsVersion = 13.3;
						TestTargetID = 9B513C882858DCF5006865AA;
					};
				};
			};
			buildConfigurationList = 9B513C842858DCF5006865AA /* Build configuration list for PBXProject "Uniuni_Driver" */;
			compatibilityVersion = "Xcode 13.0";
			developmentRegion = en;
			hasScannedForEncodings = 0;
			knownRegions = (
				en,
				Base,
				fr,
			);
			mainGroup = 9B513C802858DCF5006865AA;
			productRefGroup = 9B513C8A2858DCF5006865AA /* Products */;
			projectDirPath = "";
			projectRoot = "";
			targets = (
				9B513C882858DCF5006865AA /* Uniuni_Driver */,
				9B513C9E2858DCF6006865AA /* Uniuni_DriverTests */,
				9B513CA82858DCF6006865AA /* Uniuni_DriverUITests */,
			);
		};
/* End PBXProject section */

/* Begin PBXResourcesBuildPhase section */
		9B513C872858DCF5006865AA /* Resources */ = {
			isa = PBXResourcesBuildPhase;
			buildActionMask = 2147483647;
			files = (
				9B513C992858DCF6006865AA /* LaunchScreen.storyboard in Resources */,
				9BC9F7EE285CB3FB00376D95 /* Localizable.strings in Resources */,
				9B513C962858DCF6006865AA /* Assets.xcassets in Resources */,
			);
			runOnlyForDeploymentPostprocessing = 0;
		};
		9B513C9D2858DCF6006865AA /* Resources */ = {
			isa = PBXResourcesBuildPhase;
			buildActionMask = 2147483647;
			files = (
			);
			runOnlyForDeploymentPostprocessing = 0;
		};
		9B513CA72858DCF6006865AA /* Resources */ = {
			isa = PBXResourcesBuildPhase;
			buildActionMask = 2147483647;
			files = (
			);
			runOnlyForDeploymentPostprocessing = 0;
		};
/* End PBXResourcesBuildPhase section */

/* Begin PBXSourcesBuildPhase section */
		9B513C852858DCF5006865AA /* Sources */ = {
			isa = PBXSourcesBuildPhase;
			buildActionMask = 2147483647;
			files = (
				9B02F0542859792800C23165 /* LoginViewController.swift in Sources */,
				9BB7522A285A1B0E003618F6 /* TabbarController.swift in Sources */,
				9B513C8D2858DCF5006865AA /* AppDelegate.swift in Sources */,
				9B513C8F2858DCF5006865AA /* SceneDelegate.swift in Sources */,
			);
			runOnlyForDeploymentPostprocessing = 0;
		};
		9B513C9B2858DCF6006865AA /* Sources */ = {
			isa = PBXSourcesBuildPhase;
			buildActionMask = 2147483647;
			files = (
				9B513CA42858DCF6006865AA /* Uniuni_DriverTests.swift in Sources */,
			);
			runOnlyForDeploymentPostprocessing = 0;
		};
		9B513CA52858DCF6006865AA /* Sources */ = {
			isa = PBXSourcesBuildPhase;
			buildActionMask = 2147483647;
			files = (
			);
			runOnlyForDeploymentPostprocessing = 0;
		};
/* End PBXSourcesBuildPhase section */

/* Begin PBXTargetDependency section */
		9B513CA12858DCF6006865AA /* PBXTargetDependency */ = {
			isa = PBXTargetDependency;
			target = 9B513C882858DCF5006865AA /* Uniuni_Driver */;
			targetProxy = 9B513CA02858DCF6006865AA /* PBXContainerItemProxy */;
		};
		9B513CAB2858DCF6006865AA /* PBXTargetDependency */ = {
			isa = PBXTargetDependency;
			target = 9B513C882858DCF5006865AA /* Uniuni_Driver */;
			targetProxy = 9B513CAA2858DCF6006865AA /* PBXContainerItemProxy */;
		};
/* End PBXTargetDependency section */

/* Begin PBXVariantGroup section */
		9B513C972858DCF6006865AA /* LaunchScreen.storyboard */ = {
			isa = PBXVariantGroup;
			children = (
				9B513C982858DCF6006865AA /* Base */,
				9BC9F7F1285CB4C300376D95 /* fr */,
				9BC9F7F5285CCB8200376D95 /* en */,
			);
			name = LaunchScreen.storyboard;
			sourceTree = "<group>";
		};
		9BC9F7F0285CB3FB00376D95 /* Localizable.strings */ = {
			isa = PBXVariantGroup;
			children = (
				9BC9F7EF285CB3FB00376D95 /* en */,
				9BC9F7F2285CB4C400376D95 /* fr */,
			);
			name = Localizable.strings;
			sourceTree = "<group>";
		};
/* End PBXVariantGroup section */

/* Begin XCBuildConfiguration section */
		9B513CB12858DCF6006865AA /* Debug */ = {
			isa = XCBuildConfiguration;
			buildSettings = {
				ALWAYS_SEARCH_USER_PATHS = NO;
				CLANG_ANALYZER_LOCALIZABILITY_NONLOCALIZED = YES;
				CLANG_ANALYZER_NONNULL = YES;
				CLANG_ANALYZER_NUMBER_OBJECT_CONVERSION = YES_AGGRESSIVE;
				CLANG_CXX_LANGUAGE_STANDARD = "gnu++17";
				CLANG_ENABLE_MODULES = YES;
				CLANG_ENABLE_OBJC_ARC = YES;
				CLANG_ENABLE_OBJC_WEAK = YES;
				CLANG_WARN_BLOCK_CAPTURE_AUTORELEASING = YES;
				CLANG_WARN_BOOL_CONVERSION = YES;
				CLANG_WARN_COMMA = YES;
				CLANG_WARN_CONSTANT_CONVERSION = YES;
				CLANG_WARN_DEPRECATED_OBJC_IMPLEMENTATIONS = YES;
				CLANG_WARN_DIRECT_OBJC_ISA_USAGE = YES_ERROR;
				CLANG_WARN_DOCUMENTATION_COMMENTS = YES;
				CLANG_WARN_EMPTY_BODY = YES;
				CLANG_WARN_ENUM_CONVERSION = YES;
				CLANG_WARN_INFINITE_RECURSION = YES;
				CLANG_WARN_INT_CONVERSION = YES;
				CLANG_WARN_NON_LITERAL_NULL_CONVERSION = YES;
				CLANG_WARN_OBJC_IMPLICIT_RETAIN_SELF = YES;
				CLANG_WARN_OBJC_LITERAL_CONVERSION = YES;
				CLANG_WARN_OBJC_ROOT_CLASS = YES_ERROR;
				CLANG_WARN_QUOTED_INCLUDE_IN_FRAMEWORK_HEADER = YES;
				CLANG_WARN_RANGE_LOOP_ANALYSIS = YES;
				CLANG_WARN_STRICT_PROTOTYPES = YES;
				CLANG_WARN_SUSPICIOUS_MOVE = YES;
				CLANG_WARN_UNGUARDED_AVAILABILITY = YES_AGGRESSIVE;
				CLANG_WARN_UNREACHABLE_CODE = YES;
				CLANG_WARN__DUPLICATE_METHOD_MATCH = YES;
				COPY_PHASE_STRIP = NO;
				DEBUG_INFORMATION_FORMAT = dwarf;
				ENABLE_STRICT_OBJC_MSGSEND = YES;
				ENABLE_TESTABILITY = YES;
				GCC_C_LANGUAGE_STANDARD = gnu11;
				GCC_DYNAMIC_NO_PIC = NO;
				GCC_NO_COMMON_BLOCKS = YES;
				GCC_OPTIMIZATION_LEVEL = 0;
				GCC_PREPROCESSOR_DEFINITIONS = (
					"DEBUG=1",
					"$(inherited)",
				);
				GCC_WARN_64_TO_32_BIT_CONVERSION = YES;
				GCC_WARN_ABOUT_RETURN_TYPE = YES_ERROR;
				GCC_WARN_UNDECLARED_SELECTOR = YES;
				GCC_WARN_UNINITIALIZED_AUTOS = YES_AGGRESSIVE;
				GCC_WARN_UNUSED_FUNCTION = YES;
				GCC_WARN_UNUSED_VARIABLE = YES;
				IPHONEOS_DEPLOYMENT_TARGET = 15.4;
				MTL_ENABLE_DEBUG_INFO = INCLUDE_SOURCE;
				MTL_FAST_MATH = YES;
				ONLY_ACTIVE_ARCH = YES;
				SDKROOT = iphoneos;
				SWIFT_ACTIVE_COMPILATION_CONDITIONS = DEBUG;
				SWIFT_OPTIMIZATION_LEVEL = "-Onone";
			};
			name = Debug;
		};
		9B513CB22858DCF6006865AA /* Release */ = {
			isa = XCBuildConfiguration;
			buildSettings = {
				ALWAYS_SEARCH_USER_PATHS = NO;
				CLANG_ANALYZER_LOCALIZABILITY_NONLOCALIZED = YES;
				CLANG_ANALYZER_NONNULL = YES;
				CLANG_ANALYZER_NUMBER_OBJECT_CONVERSION = YES_AGGRESSIVE;
				CLANG_CXX_LANGUAGE_STANDARD = "gnu++17";
				CLANG_ENABLE_MODULES = YES;
				CLANG_ENABLE_OBJC_ARC = YES;
				CLANG_ENABLE_OBJC_WEAK = YES;
				CLANG_WARN_BLOCK_CAPTURE_AUTORELEASING = YES;
				CLANG_WARN_BOOL_CONVERSION = YES;
				CLANG_WARN_COMMA = YES;
				CLANG_WARN_CONSTANT_CONVERSION = YES;
				CLANG_WARN_DEPRECATED_OBJC_IMPLEMENTATIONS = YES;
				CLANG_WARN_DIRECT_OBJC_ISA_USAGE = YES_ERROR;
				CLANG_WARN_DOCUMENTATION_COMMENTS = YES;
				CLANG_WARN_EMPTY_BODY = YES;
				CLANG_WARN_ENUM_CONVERSION = YES;
				CLANG_WARN_INFINITE_RECURSION = YES;
				CLANG_WARN_INT_CONVERSION = YES;
				CLANG_WARN_NON_LITERAL_NULL_CONVERSION = YES;
				CLANG_WARN_OBJC_IMPLICIT_RETAIN_SELF = YES;
				CLANG_WARN_OBJC_LITERAL_CONVERSION = YES;
				CLANG_WARN_OBJC_ROOT_CLASS = YES_ERROR;
				CLANG_WARN_QUOTED_INCLUDE_IN_FRAMEWORK_HEADER = YES;
				CLANG_WARN_RANGE_LOOP_ANALYSIS = YES;
				CLANG_WARN_STRICT_PROTOTYPES = YES;
				CLANG_WARN_SUSPICIOUS_MOVE = YES;
				CLANG_WARN_UNGUARDED_AVAILABILITY = YES_AGGRESSIVE;
				CLANG_WARN_UNREACHABLE_CODE = YES;
				CLANG_WARN__DUPLICATE_METHOD_MATCH = YES;
				COPY_PHASE_STRIP = NO;
				DEBUG_INFORMATION_FORMAT = "dwarf-with-dsym";
				ENABLE_NS_ASSERTIONS = NO;
				ENABLE_STRICT_OBJC_MSGSEND = YES;
				GCC_C_LANGUAGE_STANDARD = gnu11;
				GCC_NO_COMMON_BLOCKS = YES;
				GCC_WARN_64_TO_32_BIT_CONVERSION = YES;
				GCC_WARN_ABOUT_RETURN_TYPE = YES_ERROR;
				GCC_WARN_UNDECLARED_SELECTOR = YES;
				GCC_WARN_UNINITIALIZED_AUTOS = YES_AGGRESSIVE;
				GCC_WARN_UNUSED_FUNCTION = YES;
				GCC_WARN_UNUSED_VARIABLE = YES;
				IPHONEOS_DEPLOYMENT_TARGET = 15.4;
				MTL_ENABLE_DEBUG_INFO = NO;
				MTL_FAST_MATH = YES;
				SDKROOT = iphoneos;
				SWIFT_COMPILATION_MODE = wholemodule;
				SWIFT_OPTIMIZATION_LEVEL = "-O";
				VALIDATE_PRODUCT = YES;
			};
			name = Release;
		};
		9B513CB42858DCF6006865AA /* Debug */ = {
			isa = XCBuildConfiguration;
			buildSettings = {
				ASSETCATALOG_COMPILER_APPICON_NAME = AppIcon;
				ASSETCATALOG_COMPILER_GLOBAL_ACCENT_COLOR_NAME = AccentColor;
				CODE_SIGN_STYLE = Automatic;
				CURRENT_PROJECT_VERSION = 1;
				GENERATE_INFOPLIST_FILE = YES;
				INFOPLIST_FILE = Uniuni_Driver/Info.plist;
				INFOPLIST_KEY_CFBundleDisplayName = "Uniuni Driver";
				INFOPLIST_KEY_UIApplicationSupportsIndirectInputEvents = YES;
				INFOPLIST_KEY_UILaunchStoryboardName = LaunchScreen;
				INFOPLIST_KEY_UISupportedInterfaceOrientations_iPad = "UIInterfaceOrientationPortrait UIInterfaceOrientationPortraitUpsideDown UIInterfaceOrientationLandscapeLeft UIInterfaceOrientationLandscapeRight";
				INFOPLIST_KEY_UISupportedInterfaceOrientations_iPhone = "UIInterfaceOrientationPortrait UIInterfaceOrientationLandscapeLeft UIInterfaceOrientationLandscapeRight";
				LD_RUNPATH_SEARCH_PATHS = (
					"$(inherited)",
					"@executable_path/Frameworks",
				);
				MARKETING_VERSION = 1.0;
				PRODUCT_BUNDLE_IDENTIFIER = "UniuniExpress.Uniuni-Driver";
				PRODUCT_NAME = "$(TARGET_NAME)";
				SWIFT_EMIT_LOC_STRINGS = YES;
				SWIFT_VERSION = 5.0;
				TARGETED_DEVICE_FAMILY = "1,2";
			};
			name = Debug;
		};
		9B513CB52858DCF6006865AA /* Release */ = {
			isa = XCBuildConfiguration;
			buildSettings = {
				ASSETCATALOG_COMPILER_APPICON_NAME = AppIcon;
				ASSETCATALOG_COMPILER_GLOBAL_ACCENT_COLOR_NAME = AccentColor;
				CODE_SIGN_STYLE = Automatic;
				CURRENT_PROJECT_VERSION = 1;
				GENERATE_INFOPLIST_FILE = YES;
				INFOPLIST_FILE = Uniuni_Driver/Info.plist;
				INFOPLIST_KEY_CFBundleDisplayName = "Uniuni Driver";
				INFOPLIST_KEY_UIApplicationSupportsIndirectInputEvents = YES;
				INFOPLIST_KEY_UILaunchStoryboardName = LaunchScreen;
				INFOPLIST_KEY_UISupportedInterfaceOrientations_iPad = "UIInterfaceOrientationPortrait UIInterfaceOrientationPortraitUpsideDown UIInterfaceOrientationLandscapeLeft UIInterfaceOrientationLandscapeRight";
				INFOPLIST_KEY_UISupportedInterfaceOrientations_iPhone = "UIInterfaceOrientationPortrait UIInterfaceOrientationLandscapeLeft UIInterfaceOrientationLandscapeRight";
				LD_RUNPATH_SEARCH_PATHS = (
					"$(inherited)",
					"@executable_path/Frameworks",
				);
				MARKETING_VERSION = 1.0;
				PRODUCT_BUNDLE_IDENTIFIER = "UniuniExpress.Uniuni-Driver";
				PRODUCT_NAME = "$(TARGET_NAME)";
				SWIFT_EMIT_LOC_STRINGS = YES;
				SWIFT_VERSION = 5.0;
				TARGETED_DEVICE_FAMILY = "1,2";
			};
			name = Release;
		};
		9B513CB72858DCF6006865AA /* Debug */ = {
			isa = XCBuildConfiguration;
			buildSettings = {
				ALWAYS_EMBED_SWIFT_STANDARD_LIBRARIES = YES;
				BUNDLE_LOADER = "$(TEST_HOST)";
				CODE_SIGN_STYLE = Automatic;
				CURRENT_PROJECT_VERSION = 1;
				GENERATE_INFOPLIST_FILE = YES;
				IPHONEOS_DEPLOYMENT_TARGET = 15.4;
				MARKETING_VERSION = 1.0;
				PRODUCT_BUNDLE_IDENTIFIER = "UniuniExpress.Uniuni-DriverTests";
				PRODUCT_NAME = "$(TARGET_NAME)";
				SWIFT_EMIT_LOC_STRINGS = NO;
				SWIFT_VERSION = 5.0;
				TARGETED_DEVICE_FAMILY = "1,2";
				TEST_HOST = "$(BUILT_PRODUCTS_DIR)/Uniuni_Driver.app/Uniuni_Driver";
			};
			name = Debug;
		};
		9B513CB82858DCF6006865AA /* Release */ = {
			isa = XCBuildConfiguration;
			buildSettings = {
				ALWAYS_EMBED_SWIFT_STANDARD_LIBRARIES = YES;
				BUNDLE_LOADER = "$(TEST_HOST)";
				CODE_SIGN_STYLE = Automatic;
				CURRENT_PROJECT_VERSION = 1;
				GENERATE_INFOPLIST_FILE = YES;
				IPHONEOS_DEPLOYMENT_TARGET = 15.4;
				MARKETING_VERSION = 1.0;
				PRODUCT_BUNDLE_IDENTIFIER = "UniuniExpress.Uniuni-DriverTests";
				PRODUCT_NAME = "$(TARGET_NAME)";
				SWIFT_EMIT_LOC_STRINGS = NO;
				SWIFT_VERSION = 5.0;
				TARGETED_DEVICE_FAMILY = "1,2";
				TEST_HOST = "$(BUILT_PRODUCTS_DIR)/Uniuni_Driver.app/Uniuni_Driver";
			};
			name = Release;
		};
		9B513CBA2858DCF6006865AA /* Debug */ = {
			isa = XCBuildConfiguration;
			buildSettings = {
				ALWAYS_EMBED_SWIFT_STANDARD_LIBRARIES = YES;
				CODE_SIGN_STYLE = Automatic;
				CURRENT_PROJECT_VERSION = 1;
				GENERATE_INFOPLIST_FILE = YES;
				MARKETING_VERSION = 1.0;
				PRODUCT_BUNDLE_IDENTIFIER = "UniuniExpress.Uniuni-DriverUITests";
				PRODUCT_NAME = "$(TARGET_NAME)";
				SWIFT_EMIT_LOC_STRINGS = NO;
				SWIFT_VERSION = 5.0;
				TARGETED_DEVICE_FAMILY = "1,2";
				TEST_TARGET_NAME = Uniuni_Driver;
			};
			name = Debug;
		};
		9B513CBB2858DCF6006865AA /* Release */ = {
			isa = XCBuildConfiguration;
			buildSettings = {
				ALWAYS_EMBED_SWIFT_STANDARD_LIBRARIES = YES;
				CODE_SIGN_STYLE = Automatic;
				CURRENT_PROJECT_VERSION = 1;
				GENERATE_INFOPLIST_FILE = YES;
				MARKETING_VERSION = 1.0;
				PRODUCT_BUNDLE_IDENTIFIER = "UniuniExpress.Uniuni-DriverUITests";
				PRODUCT_NAME = "$(TARGET_NAME)";
				SWIFT_EMIT_LOC_STRINGS = NO;
				SWIFT_VERSION = 5.0;
				TARGETED_DEVICE_FAMILY = "1,2";
				TEST_TARGET_NAME = Uniuni_Driver;
			};
			name = Release;
		};
/* End XCBuildConfiguration section */

/* Begin XCConfigurationList section */
		9B513C842858DCF5006865AA /* Build configuration list for PBXProject "Uniuni_Driver" */ = {
			isa = XCConfigurationList;
			buildConfigurations = (
				9B513CB12858DCF6006865AA /* Debug */,
				9B513CB22858DCF6006865AA /* Release */,
			);
			defaultConfigurationIsVisible = 0;
			defaultConfigurationName = Release;
		};
		9B513CB32858DCF6006865AA /* Build configuration list for PBXNativeTarget "Uniuni_Driver" */ = {
			isa = XCConfigurationList;
			buildConfigurations = (
				9B513CB42858DCF6006865AA /* Debug */,
				9B513CB52858DCF6006865AA /* Release */,
			);
			defaultConfigurationIsVisible = 0;
			defaultConfigurationName = Release;
		};
		9B513CB62858DCF6006865AA /* Build configuration list for PBXNativeTarget "Uniuni_DriverTests" */ = {
			isa = XCConfigurationList;
			buildConfigurations = (
				9B513CB72858DCF6006865AA /* Debug */,
				9B513CB82858DCF6006865AA /* Release */,
			);
			defaultConfigurationIsVisible = 0;
			defaultConfigurationName = Release;
		};
		9B513CB92858DCF6006865AA /* Build configuration list for PBXNativeTarget "Uniuni_DriverUITests" */ = {
			isa = XCConfigurationList;
			buildConfigurations = (
				9B513CBA2858DCF6006865AA /* Debug */,
				9B513CBB2858DCF6006865AA /* Release */,
			);
			defaultConfigurationIsVisible = 0;
			defaultConfigurationName = Release;
		};
/* End XCConfigurationList section */
	};
	rootObject = 9B513C812858DCF5006865AA /* Project object */;
}
