// !$*UTF8*$!
{
	archiveVersion = 1;
	classes = {
	};
	objectVersion = 55;
	objects = {

/* Begin PBXBuildFile section */
		36F18553B75C67EC7A22BCCE /* Pods_Uniuni_DriverTests.framework in Frameworks */ = {isa = PBXBuildFile; fileRef = 07026826862CDAE297EC49EE /* Pods_Uniuni_DriverTests.framework */; };
		9B02F0542859792800C23165 /* LoginViewController.swift in Sources */ = {isa = PBXBuildFile; fileRef = 9B02F0532859792800C23165 /* LoginViewController.swift */; };
		9B1730A1287E5722005AE7AD /* MapClusterViewController.swift in Sources */ = {isa = PBXBuildFile; fileRef = 9B1730A0287E5722005AE7AD /* MapClusterViewController.swift */; };
		9B1730A3287E5742005AE7AD /* GeoJsonDataModel.swift in Sources */ = {isa = PBXBuildFile; fileRef = 9B1730A2287E5742005AE7AD /* GeoJsonDataModel.swift */; };
		9B1730A5287E70F0005AE7AD /* ServicePointsListDataModel.swift in Sources */ = {isa = PBXBuildFile; fileRef = 9B1730A4287E70F0005AE7AD /* ServicePointsListDataModel.swift */; };
		9B1730A7287E78BC005AE7AD /* ServicePointsListViewModel.swift in Sources */ = {isa = PBXBuildFile; fileRef = 9B1730A6287E78BC005AE7AD /* ServicePointsListViewModel.swift */; };
		9B1730A9287E7909005AE7AD /* ServicePointViewModel.swift in Sources */ = {isa = PBXBuildFile; fileRef = 9B1730A8287E7909005AE7AD /* ServicePointViewModel.swift */; };
		9B2CBA2E2862C3010001FA08 /* Uniuni_Driver.xcdatamodeld in Sources */ = {isa = PBXBuildFile; fileRef = 9B2CBA2C2862C3010001FA08 /* Uniuni_Driver.xcdatamodeld */; };
		9B39AB1D287A250C00877EBA /* MapPackageCardView.swift in Sources */ = {isa = PBXBuildFile; fileRef = 9B39AB1C287A250C00877EBA /* MapPackageCardView.swift */; };
		9B39AB1F287A6CD300877EBA /* MapPackageCardViewModel.swift in Sources */ = {isa = PBXBuildFile; fileRef = 9B39AB1E287A6CD300877EBA /* MapPackageCardViewModel.swift */; };
		9B39AB21287A6E1B00877EBA /* DistanceUnit.swift in Sources */ = {isa = PBXBuildFile; fileRef = 9B39AB20287A6E1B00877EBA /* DistanceUnit.swift */; };
		9B4ED765289421B800B4C93C /* AppConfigurator.swift in Sources */ = {isa = PBXBuildFile; fileRef = 9B4ED764289421B800B4C93C /* AppConfigurator.swift */; };
		9B513C8D2858DCF5006865AA /* AppDelegate.swift in Sources */ = {isa = PBXBuildFile; fileRef = 9B513C8C2858DCF5006865AA /* AppDelegate.swift */; };
		9B513C8F2858DCF5006865AA /* SceneDelegate.swift in Sources */ = {isa = PBXBuildFile; fileRef = 9B513C8E2858DCF5006865AA /* SceneDelegate.swift */; };
		9B513C962858DCF6006865AA /* Assets.xcassets in Resources */ = {isa = PBXBuildFile; fileRef = 9B513C952858DCF6006865AA /* Assets.xcassets */; };
		9B513C992858DCF6006865AA /* LaunchScreen.storyboard in Resources */ = {isa = PBXBuildFile; fileRef = 9B513C972858DCF6006865AA /* LaunchScreen.storyboard */; };
		9B92E6AC289238A4007B34EE /* AppConstants.swift in Sources */ = {isa = PBXBuildFile; fileRef = 9B92E6AB289238A4007B34EE /* AppConstants.swift */; };
		9B92E6AE289239F7007B34EE /* AddressNavigationType.swift in Sources */ = {isa = PBXBuildFile; fileRef = 9B92E6AD289239F7007B34EE /* AddressNavigationType.swift */; };
		9BACEFA6287543E300969C44 /* Double-Extension.swift in Sources */ = {isa = PBXBuildFile; fileRef = 9BACEFA5287543E300969C44 /* Double-Extension.swift */; };
		9BB33A0A28767A0D003ABD2F /* PackageDataModel.swift in Sources */ = {isa = PBXBuildFile; fileRef = 9BB33A0928767A0D003ABD2F /* PackageDataModel.swift */; };
		9BB33A0C28767A4F003ABD2F /* GoodsType.swift in Sources */ = {isa = PBXBuildFile; fileRef = 9BB33A0B28767A4F003ABD2F /* GoodsType.swift */; };
		9BB33A0E28767A7C003ABD2F /* PackageState.swift in Sources */ = {isa = PBXBuildFile; fileRef = 9BB33A0D28767A7C003ABD2F /* PackageState.swift */; };
		9BB33A1028767AAA003ABD2F /* ExpressType.swift in Sources */ = {isa = PBXBuildFile; fileRef = 9BB33A0F28767AAA003ABD2F /* ExpressType.swift */; };
		9BB33A1228767AEF003ABD2F /* FailedHandleType.swift in Sources */ = {isa = PBXBuildFile; fileRef = 9BB33A1128767AEF003ABD2F /* FailedHandleType.swift */; };
		9BB33A1428767BC2003ABD2F /* PackageViewModel.swift in Sources */ = {isa = PBXBuildFile; fileRef = 9BB33A1328767BC2003ABD2F /* PackageViewModel.swift */; };
		9BB7522A285A1B0E003618F6 /* TabbarController.swift in Sources */ = {isa = PBXBuildFile; fileRef = 9BB75229285A1B0E003618F6 /* TabbarController.swift */; };
		9BC2D4EE2867B85800354726 /* PackageCardView.swift in Sources */ = {isa = PBXBuildFile; fileRef = 9BC2D4ED2867B85800354726 /* PackageCardView.swift */; };
		9BC2D4F12867B92100354726 /* PackageCardViewModel.swift in Sources */ = {isa = PBXBuildFile; fileRef = 9BC2D4F02867B92100354726 /* PackageCardViewModel.swift */; };
		9BC2D4F328680AE800354726 /* PackageTableViewCell.swift in Sources */ = {isa = PBXBuildFile; fileRef = 9BC2D4F228680AE800354726 /* PackageTableViewCell.swift */; };
		9BC2D4F52869E56500354726 /* Date-Extension.swift in Sources */ = {isa = PBXBuildFile; fileRef = 9BC2D4F42869E56500354726 /* Date-Extension.swift */; };
		9BC724BA28846A7400229E51 /* MapPackageDetailCardView.swift in Sources */ = {isa = PBXBuildFile; fileRef = 9BC724B928846A7400229E51 /* MapPackageDetailCardView.swift */; };
		9BC724BC28846D8100229E51 /* UnderlinedLabel.swift in Sources */ = {isa = PBXBuildFile; fileRef = 9BC724BB28846D8100229E51 /* UnderlinedLabel.swift */; };
		9BC724BE28846E1300229E51 /* LeadingTitleLabel.swift in Sources */ = {isa = PBXBuildFile; fileRef = 9BC724BD28846E1300229E51 /* LeadingTitleLabel.swift */; };
		9BC724C028848C4400229E51 /* MapPackageDetailCardViewModel.swift in Sources */ = {isa = PBXBuildFile; fileRef = 9BC724BF28848C4400229E51 /* MapPackageDetailCardViewModel.swift */; };
		9BC9F7EE285CB3FB00376D95 /* Localizable.strings in Resources */ = {isa = PBXBuildFile; fileRef = 9BC9F7F0285CB3FB00376D95 /* Localizable.strings */; };
		9BC9F800285E509900376D95 /* UIColor-Extension.swift in Sources */ = {isa = PBXBuildFile; fileRef = 9BC9F7FF285E509900376D95 /* UIColor-Extension.swift */; };
		9BC9F802285E515400376D95 /* UIImage-Extension.swift in Sources */ = {isa = PBXBuildFile; fileRef = 9BC9F801285E515400376D95 /* UIImage-Extension.swift */; };
		9BC9F804285E53B300376D95 /* StringLocalizationExtension.swift in Sources */ = {isa = PBXBuildFile; fileRef = 9BC9F803285E53B300376D95 /* StringLocalizationExtension.swift */; };
		9BC9F807285E5E5F00376D95 /* PackagesListViewModel.swift in Sources */ = {isa = PBXBuildFile; fileRef = 9BC9F806285E5E5F00376D95 /* PackagesListViewModel.swift */; };
		9BC9F80E285EBE0B00376D95 /* DeliveryListViewController.swift in Sources */ = {isa = PBXBuildFile; fileRef = 9BC9F80D285EBE0B00376D95 /* DeliveryListViewController.swift */; };
		9BC9F810285F67A500376D95 /* UINavigationController-Extension.swift in Sources */ = {isa = PBXBuildFile; fileRef = 9BC9F80F285F67A500376D95 /* UINavigationController-Extension.swift */; };
		9BCA84FF286F319D0046C0C2 /* PaddingLabel.swift in Sources */ = {isa = PBXBuildFile; fileRef = 9BCA84FE286F319D0046C0C2 /* PaddingLabel.swift */; };
		9BCA8502286F4C190046C0C2 /* PackageSearchView.swift in Sources */ = {isa = PBXBuildFile; fileRef = 9BCA8501286F4C190046C0C2 /* PackageSearchView.swift */; };
		9BCA8504286F67990046C0C2 /* SearchCellView.swift in Sources */ = {isa = PBXBuildFile; fileRef = 9BCA8503286F67990046C0C2 /* SearchCellView.swift */; };
		9BD4E2C6288CF96000CD4669 /* AddressType.swift in Sources */ = {isa = PBXBuildFile; fileRef = 9BD4E2C5288CF96000CD4669 /* AddressType.swift */; };
		9BD86CB528957E4A00228432 /* NetworkAPIs.swift in Sources */ = {isa = PBXBuildFile; fileRef = 9BD86CB428957E4A00228432 /* NetworkAPIs.swift */; };
		9BD86CB7289584B700228432 /* NetworkRequestError.swift in Sources */ = {isa = PBXBuildFile; fileRef = 9BD86CB6289584B700228432 /* NetworkRequestError.swift */; };
		9BD86CB92895890200228432 /* NetworkService.swift in Sources */ = {isa = PBXBuildFile; fileRef = 9BD86CB82895890200228432 /* NetworkService.swift */; };
		9BD86CBB2895B4AC00228432 /* PackagesListDataModel.swift in Sources */ = {isa = PBXBuildFile; fileRef = 9BD86CBA2895B4AC00228432 /* PackagesListDataModel.swift */; };
		9BD86CBD2895FD4A00228432 /* ServicePointDataModel.swift in Sources */ = {isa = PBXBuildFile; fileRef = 9BD86CBC2895FD4A00228432 /* ServicePointDataModel.swift */; };
		9BD86CBF289638FF00228432 /* LanguagesListDataModel.swift in Sources */ = {isa = PBXBuildFile; fileRef = 9BD86CBE289638FF00228432 /* LanguagesListDataModel.swift */; };
		9BD86CC12896D97300228432 /* MapViewModel.swift in Sources */ = {isa = PBXBuildFile; fileRef = 9BD86CC02896D97300228432 /* MapViewModel.swift */; };
		9BE4BE342862CE29006391D9 /* CoreDataManager.swift in Sources */ = {isa = PBXBuildFile; fileRef = 9BE4BE332862CE29006391D9 /* CoreDataManager.swift */; };
		9BE4BE59286601D1006391D9 /* CoreDataStackTests.swift in Sources */ = {isa = PBXBuildFile; fileRef = 9BE4BE58286601D1006391D9 /* CoreDataStackTests.swift */; };
		9BF57B35286B783100372045 /* TopActionSheet.swift in Sources */ = {isa = PBXBuildFile; fileRef = 9BF57B34286B783100372045 /* TopActionSheet.swift */; };
		9BF57B37286B791700372045 /* TopActionSheetViewModel.swift in Sources */ = {isa = PBXBuildFile; fileRef = 9BF57B36286B791700372045 /* TopActionSheetViewModel.swift */; };
		D66EDD946221471036F74FF6 /* Pods_Uniuni_Driver.framework in Frameworks */ = {isa = PBXBuildFile; fileRef = 0E5CF3EF4D38F764DA1EA477 /* Pods_Uniuni_Driver.framework */; };
/* End PBXBuildFile section */

/* Begin PBXContainerItemProxy section */
		9B513CA02858DCF6006865AA /* PBXContainerItemProxy */ = {
			isa = PBXContainerItemProxy;
			containerPortal = 9B513C812858DCF5006865AA /* Project object */;
			proxyType = 1;
			remoteGlobalIDString = 9B513C882858DCF5006865AA;
			remoteInfo = Uniuni_Driver;
		};
/* End PBXContainerItemProxy section */

/* Begin PBXFileReference section */
		01E4D070D0E135850FEA02CF /* Pods-Uniuni_Driver.release.xcconfig */ = {isa = PBXFileReference; includeInIndex = 1; lastKnownFileType = text.xcconfig; name = "Pods-Uniuni_Driver.release.xcconfig"; path = "Target Support Files/Pods-Uniuni_Driver/Pods-Uniuni_Driver.release.xcconfig"; sourceTree = "<group>"; };
		07026826862CDAE297EC49EE /* Pods_Uniuni_DriverTests.framework */ = {isa = PBXFileReference; explicitFileType = wrapper.framework; includeInIndex = 0; path = Pods_Uniuni_DriverTests.framework; sourceTree = BUILT_PRODUCTS_DIR; };
		0E5CF3EF4D38F764DA1EA477 /* Pods_Uniuni_Driver.framework */ = {isa = PBXFileReference; explicitFileType = wrapper.framework; includeInIndex = 0; path = Pods_Uniuni_Driver.framework; sourceTree = BUILT_PRODUCTS_DIR; };
		3CB7175CFBB55796070E347B /* Pods-Uniuni_Driver.debug.xcconfig */ = {isa = PBXFileReference; includeInIndex = 1; lastKnownFileType = text.xcconfig; name = "Pods-Uniuni_Driver.debug.xcconfig"; path = "Target Support Files/Pods-Uniuni_Driver/Pods-Uniuni_Driver.debug.xcconfig"; sourceTree = "<group>"; };
		72E775C975014F191C9617C4 /* Pods-Uniuni_DriverTests.release.xcconfig */ = {isa = PBXFileReference; includeInIndex = 1; lastKnownFileType = text.xcconfig; name = "Pods-Uniuni_DriverTests.release.xcconfig"; path = "Target Support Files/Pods-Uniuni_DriverTests/Pods-Uniuni_DriverTests.release.xcconfig"; sourceTree = "<group>"; };
		9B02F0532859792800C23165 /* LoginViewController.swift */ = {isa = PBXFileReference; lastKnownFileType = sourcecode.swift; path = LoginViewController.swift; sourceTree = "<group>"; };
		9B1730A0287E5722005AE7AD /* MapClusterViewController.swift */ = {isa = PBXFileReference; lastKnownFileType = sourcecode.swift; path = MapClusterViewController.swift; sourceTree = "<group>"; };
		9B1730A2287E5742005AE7AD /* GeoJsonDataModel.swift */ = {isa = PBXFileReference; lastKnownFileType = sourcecode.swift; path = GeoJsonDataModel.swift; sourceTree = "<group>"; };
		9B1730A4287E70F0005AE7AD /* ServicePointsListDataModel.swift */ = {isa = PBXFileReference; lastKnownFileType = sourcecode.swift; path = ServicePointsListDataModel.swift; sourceTree = "<group>"; };
		9B1730A6287E78BC005AE7AD /* ServicePointsListViewModel.swift */ = {isa = PBXFileReference; lastKnownFileType = sourcecode.swift; path = ServicePointsListViewModel.swift; sourceTree = "<group>"; };
		9B1730A8287E7909005AE7AD /* ServicePointViewModel.swift */ = {isa = PBXFileReference; lastKnownFileType = sourcecode.swift; path = ServicePointViewModel.swift; sourceTree = "<group>"; };
		9B2CBA2D2862C3010001FA08 /* Uniuni_Driver.xcdatamodel */ = {isa = PBXFileReference; lastKnownFileType = wrapper.xcdatamodel; path = Uniuni_Driver.xcdatamodel; sourceTree = "<group>"; };
		9B39AB1C287A250C00877EBA /* MapPackageCardView.swift */ = {isa = PBXFileReference; lastKnownFileType = sourcecode.swift; path = MapPackageCardView.swift; sourceTree = "<group>"; };
		9B39AB1E287A6CD300877EBA /* MapPackageCardViewModel.swift */ = {isa = PBXFileReference; lastKnownFileType = sourcecode.swift; path = MapPackageCardViewModel.swift; sourceTree = "<group>"; };
		9B39AB20287A6E1B00877EBA /* DistanceUnit.swift */ = {isa = PBXFileReference; lastKnownFileType = sourcecode.swift; path = DistanceUnit.swift; sourceTree = "<group>"; };
		9B4ED764289421B800B4C93C /* AppConfigurator.swift */ = {isa = PBXFileReference; lastKnownFileType = sourcecode.swift; path = AppConfigurator.swift; sourceTree = "<group>"; };
		9B513C892858DCF5006865AA /* Uniuni_Driver.app */ = {isa = PBXFileReference; explicitFileType = wrapper.application; includeInIndex = 0; path = Uniuni_Driver.app; sourceTree = BUILT_PRODUCTS_DIR; };
		9B513C8C2858DCF5006865AA /* AppDelegate.swift */ = {isa = PBXFileReference; lastKnownFileType = sourcecode.swift; path = AppDelegate.swift; sourceTree = "<group>"; };
		9B513C8E2858DCF5006865AA /* SceneDelegate.swift */ = {isa = PBXFileReference; lastKnownFileType = sourcecode.swift; path = SceneDelegate.swift; sourceTree = "<group>"; };
		9B513C952858DCF6006865AA /* Assets.xcassets */ = {isa = PBXFileReference; lastKnownFileType = folder.assetcatalog; path = Assets.xcassets; sourceTree = "<group>"; };
		9B513C982858DCF6006865AA /* Base */ = {isa = PBXFileReference; lastKnownFileType = file.storyboard; name = Base; path = Base.lproj/LaunchScreen.storyboard; sourceTree = "<group>"; };
		9B513C9A2858DCF6006865AA /* Info.plist */ = {isa = PBXFileReference; lastKnownFileType = text.plist.xml; path = Info.plist; sourceTree = "<group>"; };
		9B513C9F2858DCF6006865AA /* Uniuni_DriverTests.xctest */ = {isa = PBXFileReference; explicitFileType = wrapper.cfbundle; includeInIndex = 0; path = Uniuni_DriverTests.xctest; sourceTree = BUILT_PRODUCTS_DIR; };
		9B92E6AB289238A4007B34EE /* AppConstants.swift */ = {isa = PBXFileReference; lastKnownFileType = sourcecode.swift; path = AppConstants.swift; sourceTree = "<group>"; };
		9B92E6AD289239F7007B34EE /* AddressNavigationType.swift */ = {isa = PBXFileReference; lastKnownFileType = sourcecode.swift; path = AddressNavigationType.swift; sourceTree = "<group>"; };
		9BACEFA5287543E300969C44 /* Double-Extension.swift */ = {isa = PBXFileReference; lastKnownFileType = sourcecode.swift; path = "Double-Extension.swift"; sourceTree = "<group>"; };
		9BB33A0928767A0D003ABD2F /* PackageDataModel.swift */ = {isa = PBXFileReference; lastKnownFileType = sourcecode.swift; path = PackageDataModel.swift; sourceTree = "<group>"; };
		9BB33A0B28767A4F003ABD2F /* GoodsType.swift */ = {isa = PBXFileReference; lastKnownFileType = sourcecode.swift; path = GoodsType.swift; sourceTree = "<group>"; };
		9BB33A0D28767A7C003ABD2F /* PackageState.swift */ = {isa = PBXFileReference; lastKnownFileType = sourcecode.swift; path = PackageState.swift; sourceTree = "<group>"; };
		9BB33A0F28767AAA003ABD2F /* ExpressType.swift */ = {isa = PBXFileReference; lastKnownFileType = sourcecode.swift; path = ExpressType.swift; sourceTree = "<group>"; };
		9BB33A1128767AEF003ABD2F /* FailedHandleType.swift */ = {isa = PBXFileReference; lastKnownFileType = sourcecode.swift; path = FailedHandleType.swift; sourceTree = "<group>"; };
		9BB33A1328767BC2003ABD2F /* PackageViewModel.swift */ = {isa = PBXFileReference; lastKnownFileType = sourcecode.swift; path = PackageViewModel.swift; sourceTree = "<group>"; };
		9BB75229285A1B0E003618F6 /* TabbarController.swift */ = {isa = PBXFileReference; lastKnownFileType = sourcecode.swift; path = TabbarController.swift; sourceTree = "<group>"; };
		9BC2D4ED2867B85800354726 /* PackageCardView.swift */ = {isa = PBXFileReference; lastKnownFileType = sourcecode.swift; path = PackageCardView.swift; sourceTree = "<group>"; };
		9BC2D4F02867B92100354726 /* PackageCardViewModel.swift */ = {isa = PBXFileReference; lastKnownFileType = sourcecode.swift; path = PackageCardViewModel.swift; sourceTree = "<group>"; };
		9BC2D4F228680AE800354726 /* PackageTableViewCell.swift */ = {isa = PBXFileReference; lastKnownFileType = sourcecode.swift; path = PackageTableViewCell.swift; sourceTree = "<group>"; };
		9BC2D4F42869E56500354726 /* Date-Extension.swift */ = {isa = PBXFileReference; lastKnownFileType = sourcecode.swift; path = "Date-Extension.swift"; sourceTree = "<group>"; };
		9BC724B928846A7400229E51 /* MapPackageDetailCardView.swift */ = {isa = PBXFileReference; lastKnownFileType = sourcecode.swift; path = MapPackageDetailCardView.swift; sourceTree = "<group>"; };
		9BC724BB28846D8100229E51 /* UnderlinedLabel.swift */ = {isa = PBXFileReference; lastKnownFileType = sourcecode.swift; path = UnderlinedLabel.swift; sourceTree = "<group>"; };
		9BC724BD28846E1300229E51 /* LeadingTitleLabel.swift */ = {isa = PBXFileReference; lastKnownFileType = sourcecode.swift; path = LeadingTitleLabel.swift; sourceTree = "<group>"; };
		9BC724BF28848C4400229E51 /* MapPackageDetailCardViewModel.swift */ = {isa = PBXFileReference; lastKnownFileType = sourcecode.swift; path = MapPackageDetailCardViewModel.swift; sourceTree = "<group>"; };
		9BC9F7EF285CB3FB00376D95 /* en */ = {isa = PBXFileReference; lastKnownFileType = text.plist.strings; name = en; path = en.lproj/Localizable.strings; sourceTree = "<group>"; };
		9BC9F7F5285CCB8200376D95 /* en */ = {isa = PBXFileReference; lastKnownFileType = text.plist.strings; name = en; path = en.lproj/LaunchScreen.strings; sourceTree = "<group>"; };
		9BC9F7F6285E25CD00376D95 /* zh-Hans */ = {isa = PBXFileReference; lastKnownFileType = text.plist.strings; name = "zh-Hans"; path = "zh-Hans.lproj/LaunchScreen.strings"; sourceTree = "<group>"; };
		9BC9F7F7285E25CD00376D95 /* zh-Hans */ = {isa = PBXFileReference; lastKnownFileType = text.plist.strings; name = "zh-Hans"; path = "zh-Hans.lproj/Localizable.strings"; sourceTree = "<group>"; };
		9BC9F7F8285E260500376D95 /* fr-CA */ = {isa = PBXFileReference; lastKnownFileType = text.plist.strings; name = "fr-CA"; path = "fr-CA.lproj/LaunchScreen.strings"; sourceTree = "<group>"; };
		9BC9F7F9285E260500376D95 /* fr-CA */ = {isa = PBXFileReference; lastKnownFileType = text.plist.strings; name = "fr-CA"; path = "fr-CA.lproj/Localizable.strings"; sourceTree = "<group>"; };
		9BC9F7FA285E269B00376D95 /* en-CA */ = {isa = PBXFileReference; lastKnownFileType = text.plist.strings; name = "en-CA"; path = "en-CA.lproj/LaunchScreen.strings"; sourceTree = "<group>"; };
		9BC9F7FB285E269B00376D95 /* en-CA */ = {isa = PBXFileReference; lastKnownFileType = text.plist.strings; name = "en-CA"; path = "en-CA.lproj/Localizable.strings"; sourceTree = "<group>"; };
		9BC9F7FC285E443900376D95 /* en-US */ = {isa = PBXFileReference; lastKnownFileType = text.plist.strings; name = "en-US"; path = "en-US.lproj/LaunchScreen.strings"; sourceTree = "<group>"; };
		9BC9F7FD285E443900376D95 /* en-US */ = {isa = PBXFileReference; lastKnownFileType = text.plist.strings; name = "en-US"; path = "en-US.lproj/Localizable.strings"; sourceTree = "<group>"; };
		9BC9F7FF285E509900376D95 /* UIColor-Extension.swift */ = {isa = PBXFileReference; lastKnownFileType = sourcecode.swift; path = "UIColor-Extension.swift"; sourceTree = "<group>"; };
		9BC9F801285E515400376D95 /* UIImage-Extension.swift */ = {isa = PBXFileReference; lastKnownFileType = sourcecode.swift; path = "UIImage-Extension.swift"; sourceTree = "<group>"; };
		9BC9F803285E53B300376D95 /* StringLocalizationExtension.swift */ = {isa = PBXFileReference; lastKnownFileType = sourcecode.swift; path = StringLocalizationExtension.swift; sourceTree = "<group>"; };
		9BC9F806285E5E5F00376D95 /* PackagesListViewModel.swift */ = {isa = PBXFileReference; lastKnownFileType = sourcecode.swift; path = PackagesListViewModel.swift; sourceTree = "<group>"; };
		9BC9F80D285EBE0B00376D95 /* DeliveryListViewController.swift */ = {isa = PBXFileReference; lastKnownFileType = sourcecode.swift; path = DeliveryListViewController.swift; sourceTree = "<group>"; };
		9BC9F80F285F67A500376D95 /* UINavigationController-Extension.swift */ = {isa = PBXFileReference; lastKnownFileType = sourcecode.swift; path = "UINavigationController-Extension.swift"; sourceTree = "<group>"; };
		9BCA84FE286F319D0046C0C2 /* PaddingLabel.swift */ = {isa = PBXFileReference; lastKnownFileType = sourcecode.swift; path = PaddingLabel.swift; sourceTree = "<group>"; };
		9BCA8501286F4C190046C0C2 /* PackageSearchView.swift */ = {isa = PBXFileReference; lastKnownFileType = sourcecode.swift; path = PackageSearchView.swift; sourceTree = "<group>"; };
		9BCA8503286F67990046C0C2 /* SearchCellView.swift */ = {isa = PBXFileReference; lastKnownFileType = sourcecode.swift; path = SearchCellView.swift; sourceTree = "<group>"; };
		9BD4E2C5288CF96000CD4669 /* AddressType.swift */ = {isa = PBXFileReference; lastKnownFileType = sourcecode.swift; path = AddressType.swift; sourceTree = "<group>"; };
		9BD86CB428957E4A00228432 /* NetworkAPIs.swift */ = {isa = PBXFileReference; lastKnownFileType = sourcecode.swift; path = NetworkAPIs.swift; sourceTree = "<group>"; };
		9BD86CB6289584B700228432 /* NetworkRequestError.swift */ = {isa = PBXFileReference; lastKnownFileType = sourcecode.swift; path = NetworkRequestError.swift; sourceTree = "<group>"; };
		9BD86CB82895890200228432 /* NetworkService.swift */ = {isa = PBXFileReference; lastKnownFileType = sourcecode.swift; path = NetworkService.swift; sourceTree = "<group>"; };
		9BD86CBA2895B4AC00228432 /* PackagesListDataModel.swift */ = {isa = PBXFileReference; lastKnownFileType = sourcecode.swift; path = PackagesListDataModel.swift; sourceTree = "<group>"; };
		9BD86CBC2895FD4A00228432 /* ServicePointDataModel.swift */ = {isa = PBXFileReference; lastKnownFileType = sourcecode.swift; path = ServicePointDataModel.swift; sourceTree = "<group>"; };
		9BD86CBE289638FF00228432 /* LanguagesListDataModel.swift */ = {isa = PBXFileReference; lastKnownFileType = sourcecode.swift; path = LanguagesListDataModel.swift; sourceTree = "<group>"; };
		9BD86CC02896D97300228432 /* MapViewModel.swift */ = {isa = PBXFileReference; lastKnownFileType = sourcecode.swift; path = MapViewModel.swift; sourceTree = "<group>"; };
		9BE4BE332862CE29006391D9 /* CoreDataManager.swift */ = {isa = PBXFileReference; lastKnownFileType = sourcecode.swift; path = CoreDataManager.swift; sourceTree = "<group>"; };
		9BE4BE58286601D1006391D9 /* CoreDataStackTests.swift */ = {isa = PBXFileReference; lastKnownFileType = sourcecode.swift; path = CoreDataStackTests.swift; sourceTree = "<group>"; };
		9BF57B34286B783100372045 /* TopActionSheet.swift */ = {isa = PBXFileReference; lastKnownFileType = sourcecode.swift; path = TopActionSheet.swift; sourceTree = "<group>"; };
		9BF57B36286B791700372045 /* TopActionSheetViewModel.swift */ = {isa = PBXFileReference; lastKnownFileType = sourcecode.swift; path = TopActionSheetViewModel.swift; sourceTree = "<group>"; };
		FC9EE59809FA984C70D90CBA /* Pods-Uniuni_DriverTests.debug.xcconfig */ = {isa = PBXFileReference; includeInIndex = 1; lastKnownFileType = text.xcconfig; name = "Pods-Uniuni_DriverTests.debug.xcconfig"; path = "Target Support Files/Pods-Uniuni_DriverTests/Pods-Uniuni_DriverTests.debug.xcconfig"; sourceTree = "<group>"; };
/* End PBXFileReference section */

/* Begin PBXFrameworksBuildPhase section */
		9B513C862858DCF5006865AA /* Frameworks */ = {
			isa = PBXFrameworksBuildPhase;
			buildActionMask = 2147483647;
			files = (
				D66EDD946221471036F74FF6 /* Pods_Uniuni_Driver.framework in Frameworks */,
			);
			runOnlyForDeploymentPostprocessing = 0;
		};
		9B513C9C2858DCF6006865AA /* Frameworks */ = {
			isa = PBXFrameworksBuildPhase;
			buildActionMask = 2147483647;
			files = (
				36F18553B75C67EC7A22BCCE /* Pods_Uniuni_DriverTests.framework in Frameworks */,
			);
			runOnlyForDeploymentPostprocessing = 0;
		};
/* End PBXFrameworksBuildPhase section */

/* Begin PBXGroup section */
		60FDFBF0AEE70C9E6B4FCB34 /* Frameworks */ = {
			isa = PBXGroup;
			children = (
				0E5CF3EF4D38F764DA1EA477 /* Pods_Uniuni_Driver.framework */,
				07026826862CDAE297EC49EE /* Pods_Uniuni_DriverTests.framework */,
			);
			name = Frameworks;
			sourceTree = "<group>";
		};
		9B02F04D2859784E00C23165 /* View Controllers */ = {
			isa = PBXGroup;
			children = (
				9B02F0532859792800C23165 /* LoginViewController.swift */,
				9BB75229285A1B0E003618F6 /* TabbarController.swift */,
				9BC9F80D285EBE0B00376D95 /* DeliveryListViewController.swift */,
				9B1730A0287E5722005AE7AD /* MapClusterViewController.swift */,
			);
			path = "View Controllers";
			sourceTree = "<group>";
		};
		9B02F04F2859788800C23165 /* Custom UIKit Views */ = {
			isa = PBXGroup;
			children = (
				9BC2D4ED2867B85800354726 /* PackageCardView.swift */,
				9BF57B34286B783100372045 /* TopActionSheet.swift */,
				9BCA84FE286F319D0046C0C2 /* PaddingLabel.swift */,
				9BC724BB28846D8100229E51 /* UnderlinedLabel.swift */,
				9BC724BD28846E1300229E51 /* LeadingTitleLabel.swift */,
				9B39AB1C287A250C00877EBA /* MapPackageCardView.swift */,
				9BC724B928846A7400229E51 /* MapPackageDetailCardView.swift */,
			);
			path = "Custom UIKit Views";
			sourceTree = "<group>";
		};
		9B513C802858DCF5006865AA = {
			isa = PBXGroup;
			children = (
				9B513C8B2858DCF5006865AA /* Uniuni_Driver */,
				9B513CA22858DCF6006865AA /* Uniuni_DriverTests */,
				9B513C8A2858DCF5006865AA /* Products */,
				E48612006BEB7065588723B7 /* Pods */,
				60FDFBF0AEE70C9E6B4FCB34 /* Frameworks */,
			);
			sourceTree = "<group>";
		};
		9B513C8A2858DCF5006865AA /* Products */ = {
			isa = PBXGroup;
			children = (
				9B513C892858DCF5006865AA /* Uniuni_Driver.app */,
				9B513C9F2858DCF6006865AA /* Uniuni_DriverTests.xctest */,
			);
			name = Products;
			sourceTree = "<group>";
		};
		9B513C8B2858DCF5006865AA /* Uniuni_Driver */ = {
			isa = PBXGroup;
			children = (
				9B513C8C2858DCF5006865AA /* AppDelegate.swift */,
				9B513C8E2858DCF5006865AA /* SceneDelegate.swift */,
				9B92E6AB289238A4007B34EE /* AppConstants.swift */,
				9B4ED764289421B800B4C93C /* AppConfigurator.swift */,
				9B02F04D2859784E00C23165 /* View Controllers */,
				9BB33A072876792F003ABD2F /* UIKit Views */,
				9BB33A062876789B003ABD2F /* SwiftUI Views */,
				9BB33A08287679A6003ABD2F /* View Models */,
				9BB33A0528767809003ABD2F /* Data Models */,
				9B02F04F2859788800C23165 /* Custom UIKit Views */,
				9BC2D4EF2867B8E600354726 /* Custom ViewModels */,
				9BC9F80A285E604900376D95 /* Protocols */,
				9BC9F7FE285E505A00376D95 /* Extensions */,
				9BD86CB32895777500228432 /* APIManager */,
				9BE4BE322862CE00006391D9 /* CoreDataStack */,
				9B513C952858DCF6006865AA /* Assets.xcassets */,
				9B2CBA2C2862C3010001FA08 /* Uniuni_Driver.xcdatamodeld */,
				9B513C972858DCF6006865AA /* LaunchScreen.storyboard */,
				9B513C9A2858DCF6006865AA /* Info.plist */,
				9BC9F7F0285CB3FB00376D95 /* Localizable.strings */,
			);
			path = Uniuni_Driver;
			sourceTree = "<group>";
		};
		9B513CA22858DCF6006865AA /* Uniuni_DriverTests */ = {
			isa = PBXGroup;
			children = (
				9BE4BE58286601D1006391D9 /* CoreDataStackTests.swift */,
			);
			path = Uniuni_DriverTests;
			sourceTree = "<group>";
		};
		9BB33A0528767809003ABD2F /* Data Models */ = {
			isa = PBXGroup;
			children = (
				9BD86CBA2895B4AC00228432 /* PackagesListDataModel.swift */,
				9BB33A0928767A0D003ABD2F /* PackageDataModel.swift */,
				9B1730A4287E70F0005AE7AD /* ServicePointsListDataModel.swift */,
				9BD86CBC2895FD4A00228432 /* ServicePointDataModel.swift */,
				9BB33A0B28767A4F003ABD2F /* GoodsType.swift */,
				9BB33A0D28767A7C003ABD2F /* PackageState.swift */,
				9BB33A0F28767AAA003ABD2F /* ExpressType.swift */,
				9BD4E2C5288CF96000CD4669 /* AddressType.swift */,
				9BB33A1128767AEF003ABD2F /* FailedHandleType.swift */,
				9B39AB20287A6E1B00877EBA /* DistanceUnit.swift */,
				9B92E6AD289239F7007B34EE /* AddressNavigationType.swift */,
				9B1730A2287E5742005AE7AD /* GeoJsonDataModel.swift */,
				9BD86CBE289638FF00228432 /* LanguagesListDataModel.swift */,
			);
			path = "Data Models";
			sourceTree = "<group>";
		};
		9BB33A062876789B003ABD2F /* SwiftUI Views */ = {
			isa = PBXGroup;
			children = (
				9BCA8501286F4C190046C0C2 /* PackageSearchView.swift */,
				9BCA8503286F67990046C0C2 /* SearchCellView.swift */,
			);
			path = "SwiftUI Views";
			sourceTree = "<group>";
		};
		9BB33A072876792F003ABD2F /* UIKit Views */ = {
			isa = PBXGroup;
			children = (
				9BC2D4F228680AE800354726 /* PackageTableViewCell.swift */,
			);
			path = "UIKit Views";
			sourceTree = "<group>";
		};
		9BB33A08287679A6003ABD2F /* View Models */ = {
			isa = PBXGroup;
			children = (
				9BC9F806285E5E5F00376D95 /* PackagesListViewModel.swift */,
				9BB33A1328767BC2003ABD2F /* PackageViewModel.swift */,
				9B1730A6287E78BC005AE7AD /* ServicePointsListViewModel.swift */,
				9B1730A8287E7909005AE7AD /* ServicePointViewModel.swift */,
				9BD86CC02896D97300228432 /* MapViewModel.swift */,
			);
			path = "View Models";
			sourceTree = "<group>";
		};
		9BC2D4EF2867B8E600354726 /* Custom ViewModels */ = {
			isa = PBXGroup;
			children = (
				9BC2D4F02867B92100354726 /* PackageCardViewModel.swift */,
				9B39AB1E287A6CD300877EBA /* MapPackageCardViewModel.swift */,
				9BC724BF28848C4400229E51 /* MapPackageDetailCardViewModel.swift */,
				9BF57B36286B791700372045 /* TopActionSheetViewModel.swift */,
			);
			path = "Custom ViewModels";
			sourceTree = "<group>";
		};
		9BC9F7FE285E505A00376D95 /* Extensions */ = {
			isa = PBXGroup;
			children = (
				9BC9F7FF285E509900376D95 /* UIColor-Extension.swift */,
				9BC9F801285E515400376D95 /* UIImage-Extension.swift */,
				9BC9F803285E53B300376D95 /* StringLocalizationExtension.swift */,
				9BC9F80F285F67A500376D95 /* UINavigationController-Extension.swift */,
				9BC2D4F42869E56500354726 /* Date-Extension.swift */,
				9BACEFA5287543E300969C44 /* Double-Extension.swift */,
			);
			path = Extensions;
			sourceTree = "<group>";
		};
		9BC9F80A285E604900376D95 /* Protocols */ = {
			isa = PBXGroup;
			children = (
			);
			path = Protocols;
			sourceTree = "<group>";
		};
		9BD86CB32895777500228432 /* APIManager */ = {
			isa = PBXGroup;
			children = (
				9BD86CB428957E4A00228432 /* NetworkAPIs.swift */,
				9BD86CB82895890200228432 /* NetworkService.swift */,
				9BD86CB6289584B700228432 /* NetworkRequestError.swift */,
			);
			path = APIManager;
			sourceTree = "<group>";
		};
		9BE4BE322862CE00006391D9 /* CoreDataStack */ = {
			isa = PBXGroup;
			children = (
				9BE4BE332862CE29006391D9 /* CoreDataManager.swift */,
			);
			path = CoreDataStack;
			sourceTree = "<group>";
		};
		E48612006BEB7065588723B7 /* Pods */ = {
			isa = PBXGroup;
			children = (
				3CB7175CFBB55796070E347B /* Pods-Uniuni_Driver.debug.xcconfig */,
				01E4D070D0E135850FEA02CF /* Pods-Uniuni_Driver.release.xcconfig */,
				FC9EE59809FA984C70D90CBA /* Pods-Uniuni_DriverTests.debug.xcconfig */,
				72E775C975014F191C9617C4 /* Pods-Uniuni_DriverTests.release.xcconfig */,
			);
			path = Pods;
			sourceTree = "<group>";
		};
/* End PBXGroup section */

/* Begin PBXNativeTarget section */
		9B513C882858DCF5006865AA /* Uniuni_Driver */ = {
			isa = PBXNativeTarget;
			buildConfigurationList = 9B513CB32858DCF6006865AA /* Build configuration list for PBXNativeTarget "Uniuni_Driver" */;
			buildPhases = (
				68EAD6B7664D9C1244BAA65D /* [CP] Check Pods Manifest.lock */,
				9B513C852858DCF5006865AA /* Sources */,
				9B513C862858DCF5006865AA /* Frameworks */,
				9B513C872858DCF5006865AA /* Resources */,
				FF8CCAFA47A023DA6C6D5BEA /* [CP] Embed Pods Frameworks */,
			);
			buildRules = (
			);
			dependencies = (
			);
			name = Uniuni_Driver;
			productName = Uniuni_Driver;
			productReference = 9B513C892858DCF5006865AA /* Uniuni_Driver.app */;
			productType = "com.apple.product-type.application";
		};
		9B513C9E2858DCF6006865AA /* Uniuni_DriverTests */ = {
			isa = PBXNativeTarget;
			buildConfigurationList = 9B513CB62858DCF6006865AA /* Build configuration list for PBXNativeTarget "Uniuni_DriverTests" */;
			buildPhases = (
				46D8A75C2D28B62ED126E391 /* [CP] Check Pods Manifest.lock */,
				9B513C9B2858DCF6006865AA /* Sources */,
				9B513C9C2858DCF6006865AA /* Frameworks */,
				9B513C9D2858DCF6006865AA /* Resources */,
			);
			buildRules = (
			);
			dependencies = (
				9B513CA12858DCF6006865AA /* PBXTargetDependency */,
			);
			name = Uniuni_DriverTests;
			productName = Uniuni_DriverTests;
			productReference = 9B513C9F2858DCF6006865AA /* Uniuni_DriverTests.xctest */;
			productType = "com.apple.product-type.bundle.unit-test";
		};
/* End PBXNativeTarget section */

/* Begin PBXProject section */
		9B513C812858DCF5006865AA /* Project object */ = {
			isa = PBXProject;
			attributes = {
				BuildIndependentTargetsInParallel = 1;
				LastSwiftUpdateCheck = 1330;
				LastUpgradeCheck = 1330;
				TargetAttributes = {
					9B513C882858DCF5006865AA = {
						CreatedOnToolsVersion = 13.3;
					};
					9B513C9E2858DCF6006865AA = {
						CreatedOnToolsVersion = 13.3;
						TestTargetID = 9B513C882858DCF5006865AA;
					};
				};
			};
			buildConfigurationList = 9B513C842858DCF5006865AA /* Build configuration list for PBXProject "Uniuni_Driver" */;
			compatibilityVersion = "Xcode 13.0";
			developmentRegion = en;
			hasScannedForEncodings = 0;
			knownRegions = (
				en,
				Base,
				"zh-Hans",
				"fr-CA",
				"en-CA",
				"en-US",
			);
			mainGroup = 9B513C802858DCF5006865AA;
			productRefGroup = 9B513C8A2858DCF5006865AA /* Products */;
			projectDirPath = "";
			projectRoot = "";
			targets = (
				9B513C882858DCF5006865AA /* Uniuni_Driver */,
				9B513C9E2858DCF6006865AA /* Uniuni_DriverTests */,
			);
		};
/* End PBXProject section */

/* Begin PBXResourcesBuildPhase section */
		9B513C872858DCF5006865AA /* Resources */ = {
			isa = PBXResourcesBuildPhase;
			buildActionMask = 2147483647;
			files = (
				9B513C992858DCF6006865AA /* LaunchScreen.storyboard in Resources */,
				9BC9F7EE285CB3FB00376D95 /* Localizable.strings in Resources */,
				9B513C962858DCF6006865AA /* Assets.xcassets in Resources */,
			);
			runOnlyForDeploymentPostprocessing = 0;
		};
		9B513C9D2858DCF6006865AA /* Resources */ = {
			isa = PBXResourcesBuildPhase;
			buildActionMask = 2147483647;
			files = (
			);
			runOnlyForDeploymentPostprocessing = 0;
		};
/* End PBXResourcesBuildPhase section */

/* Begin PBXShellScriptBuildPhase section */
		46D8A75C2D28B62ED126E391 /* [CP] Check Pods Manifest.lock */ = {
			isa = PBXShellScriptBuildPhase;
			buildActionMask = 2147483647;
			files = (
			);
			inputFileListPaths = (
			);
			inputPaths = (
				"${PODS_PODFILE_DIR_PATH}/Podfile.lock",
				"${PODS_ROOT}/Manifest.lock",
			);
			name = "[CP] Check Pods Manifest.lock";
			outputFileListPaths = (
			);
			outputPaths = (
				"$(DERIVED_FILE_DIR)/Pods-Uniuni_DriverTests-checkManifestLockResult.txt",
			);
			runOnlyForDeploymentPostprocessing = 0;
			shellPath = /bin/sh;
			shellScript = "diff \"${PODS_PODFILE_DIR_PATH}/Podfile.lock\" \"${PODS_ROOT}/Manifest.lock\" > /dev/null\nif [ $? != 0 ] ; then\n    # print error to STDERR\n    echo \"error: The sandbox is not in sync with the Podfile.lock. Run 'pod install' or update your CocoaPods installation.\" >&2\n    exit 1\nfi\n# This output is used by Xcode 'outputs' to avoid re-running this script phase.\necho \"SUCCESS\" > \"${SCRIPT_OUTPUT_FILE_0}\"\n";
			showEnvVarsInLog = 0;
		};
		68EAD6B7664D9C1244BAA65D /* [CP] Check Pods Manifest.lock */ = {
			isa = PBXShellScriptBuildPhase;
			buildActionMask = 2147483647;
			files = (
			);
			inputFileListPaths = (
			);
			inputPaths = (
				"${PODS_PODFILE_DIR_PATH}/Podfile.lock",
				"${PODS_ROOT}/Manifest.lock",
			);
			name = "[CP] Check Pods Manifest.lock";
			outputFileListPaths = (
			);
			outputPaths = (
				"$(DERIVED_FILE_DIR)/Pods-Uniuni_Driver-checkManifestLockResult.txt",
			);
			runOnlyForDeploymentPostprocessing = 0;
			shellPath = /bin/sh;
			shellScript = "diff \"${PODS_PODFILE_DIR_PATH}/Podfile.lock\" \"${PODS_ROOT}/Manifest.lock\" > /dev/null\nif [ $? != 0 ] ; then\n    # print error to STDERR\n    echo \"error: The sandbox is not in sync with the Podfile.lock. Run 'pod install' or update your CocoaPods installation.\" >&2\n    exit 1\nfi\n# This output is used by Xcode 'outputs' to avoid re-running this script phase.\necho \"SUCCESS\" > \"${SCRIPT_OUTPUT_FILE_0}\"\n";
			showEnvVarsInLog = 0;
		};
		FF8CCAFA47A023DA6C6D5BEA /* [CP] Embed Pods Frameworks */ = {
			isa = PBXShellScriptBuildPhase;
			buildActionMask = 2147483647;
			files = (
			);
			inputFileListPaths = (
				"${PODS_ROOT}/Target Support Files/Pods-Uniuni_Driver/Pods-Uniuni_Driver-frameworks-${CONFIGURATION}-input-files.xcfilelist",
			);
			name = "[CP] Embed Pods Frameworks";
			outputFileListPaths = (
				"${PODS_ROOT}/Target Support Files/Pods-Uniuni_Driver/Pods-Uniuni_Driver-frameworks-${CONFIGURATION}-output-files.xcfilelist",
			);
			runOnlyForDeploymentPostprocessing = 0;
			shellPath = /bin/sh;
			shellScript = "\"${PODS_ROOT}/Target Support Files/Pods-Uniuni_Driver/Pods-Uniuni_Driver-frameworks.sh\"\n";
			showEnvVarsInLog = 0;
		};
/* End PBXShellScriptBuildPhase section */

/* Begin PBXSourcesBuildPhase section */
		9B513C852858DCF5006865AA /* Sources */ = {
			isa = PBXSourcesBuildPhase;
			buildActionMask = 2147483647;
			files = (
				9B4ED765289421B800B4C93C /* AppConfigurator.swift in Sources */,
				9BD86CBF289638FF00228432 /* LanguagesListDataModel.swift in Sources */,
				9BACEFA6287543E300969C44 /* Double-Extension.swift in Sources */,
				9BC724BA28846A7400229E51 /* MapPackageDetailCardView.swift in Sources */,
				9B1730A1287E5722005AE7AD /* MapClusterViewController.swift in Sources */,
				9BD4E2C6288CF96000CD4669 /* AddressType.swift in Sources */,
				9BD86CB7289584B700228432 /* NetworkRequestError.swift in Sources */,
				9BCA8504286F67990046C0C2 /* SearchCellView.swift in Sources */,
				9BF57B37286B791700372045 /* TopActionSheetViewModel.swift in Sources */,
				9BC9F80E285EBE0B00376D95 /* DeliveryListViewController.swift in Sources */,
				9B1730A9287E7909005AE7AD /* ServicePointViewModel.swift in Sources */,
				9BB33A1228767AEF003ABD2F /* FailedHandleType.swift in Sources */,
				9BB33A0A28767A0D003ABD2F /* PackageDataModel.swift in Sources */,
				9B02F0542859792800C23165 /* LoginViewController.swift in Sources */,
				9BD86CB92895890200228432 /* NetworkService.swift in Sources */,
				9BC9F802285E515400376D95 /* UIImage-Extension.swift in Sources */,
				9BC9F800285E509900376D95 /* UIColor-Extension.swift in Sources */,
				9BC2D4F328680AE800354726 /* PackageTableViewCell.swift in Sources */,
				9BD86CBD2895FD4A00228432 /* ServicePointDataModel.swift in Sources */,
				9B2CBA2E2862C3010001FA08 /* Uniuni_Driver.xcdatamodeld in Sources */,
				9BB33A0E28767A7C003ABD2F /* PackageState.swift in Sources */,
				9BD86CB528957E4A00228432 /* NetworkAPIs.swift in Sources */,
				9BCA84FF286F319D0046C0C2 /* PaddingLabel.swift in Sources */,
				9BC9F810285F67A500376D95 /* UINavigationController-Extension.swift in Sources */,
				9BC2D4F52869E56500354726 /* Date-Extension.swift in Sources */,
				9BE4BE342862CE29006391D9 /* CoreDataManager.swift in Sources */,
				9B1730A3287E5742005AE7AD /* GeoJsonDataModel.swift in Sources */,
				9BB7522A285A1B0E003618F6 /* TabbarController.swift in Sources */,
				9BB33A1028767AAA003ABD2F /* ExpressType.swift in Sources */,
				9BC9F804285E53B300376D95 /* StringLocalizationExtension.swift in Sources */,
				9BB33A0C28767A4F003ABD2F /* GoodsType.swift in Sources */,
				9B92E6AC289238A4007B34EE /* AppConstants.swift in Sources */,
				9B513C8D2858DCF5006865AA /* AppDelegate.swift in Sources */,
				9B513C8F2858DCF5006865AA /* SceneDelegate.swift in Sources */,
				9BC724BC28846D8100229E51 /* UnderlinedLabel.swift in Sources */,
				9BC724BE28846E1300229E51 /* LeadingTitleLabel.swift in Sources */,
				9BC2D4F12867B92100354726 /* PackageCardViewModel.swift in Sources */,
				9BF57B35286B783100372045 /* TopActionSheet.swift in Sources */,
				9B92E6AE289239F7007B34EE /* AddressNavigationType.swift in Sources */,
				9B39AB21287A6E1B00877EBA /* DistanceUnit.swift in Sources */,
				9BC2D4EE2867B85800354726 /* PackageCardView.swift in Sources */,
				9B39AB1F287A6CD300877EBA /* MapPackageCardViewModel.swift in Sources */,
				9BC724C028848C4400229E51 /* MapPackageDetailCardViewModel.swift in Sources */,
				9BB33A1428767BC2003ABD2F /* PackageViewModel.swift in Sources */,
				9BC9F807285E5E5F00376D95 /* PackagesListViewModel.swift in Sources */,
				9B1730A5287E70F0005AE7AD /* ServicePointsListDataModel.swift in Sources */,
				9B39AB1D287A250C00877EBA /* MapPackageCardView.swift in Sources */,
				9BD86CC12896D97300228432 /* MapViewModel.swift in Sources */,
				9B1730A7287E78BC005AE7AD /* ServicePointsListViewModel.swift in Sources */,
				9BCA8502286F4C190046C0C2 /* PackageSearchView.swift in Sources */,
				9BD86CBB2895B4AC00228432 /* PackagesListDataModel.swift in Sources */,
			);
			runOnlyForDeploymentPostprocessing = 0;
		};
		9B513C9B2858DCF6006865AA /* Sources */ = {
			isa = PBXSourcesBuildPhase;
			buildActionMask = 2147483647;
			files = (
				9BE4BE59286601D1006391D9 /* CoreDataStackTests.swift in Sources */,
			);
			runOnlyForDeploymentPostprocessing = 0;
		};
/* End PBXSourcesBuildPhase section */

/* Begin PBXTargetDependency section */
		9B513CA12858DCF6006865AA /* PBXTargetDependency */ = {
			isa = PBXTargetDependency;
			target = 9B513C882858DCF5006865AA /* Uniuni_Driver */;
			targetProxy = 9B513CA02858DCF6006865AA /* PBXContainerItemProxy */;
		};
/* End PBXTargetDependency section */

/* Begin PBXVariantGroup section */
		9B513C972858DCF6006865AA /* LaunchScreen.storyboard */ = {
			isa = PBXVariantGroup;
			children = (
				9B513C982858DCF6006865AA /* Base */,
				9BC9F7F5285CCB8200376D95 /* en */,
				9BC9F7F6285E25CD00376D95 /* zh-Hans */,
				9BC9F7F8285E260500376D95 /* fr-CA */,
				9BC9F7FA285E269B00376D95 /* en-CA */,
				9BC9F7FC285E443900376D95 /* en-US */,
			);
			name = LaunchScreen.storyboard;
			sourceTree = "<group>";
		};
		9BC9F7F0285CB3FB00376D95 /* Localizable.strings */ = {
			isa = PBXVariantGroup;
			children = (
				9BC9F7EF285CB3FB00376D95 /* en */,
				9BC9F7F7285E25CD00376D95 /* zh-Hans */,
				9BC9F7F9285E260500376D95 /* fr-CA */,
				9BC9F7FB285E269B00376D95 /* en-CA */,
				9BC9F7FD285E443900376D95 /* en-US */,
			);
			name = Localizable.strings;
			sourceTree = "<group>";
		};
/* End PBXVariantGroup section */

/* Begin XCBuildConfiguration section */
		9B513CB12858DCF6006865AA /* Debug */ = {
			isa = XCBuildConfiguration;
			buildSettings = {
				ALWAYS_SEARCH_USER_PATHS = NO;
				CLANG_ANALYZER_LOCALIZABILITY_NONLOCALIZED = YES;
				CLANG_ANALYZER_NONNULL = YES;
				CLANG_ANALYZER_NUMBER_OBJECT_CONVERSION = YES_AGGRESSIVE;
				CLANG_CXX_LANGUAGE_STANDARD = "gnu++17";
				CLANG_ENABLE_MODULES = YES;
				CLANG_ENABLE_OBJC_ARC = YES;
				CLANG_ENABLE_OBJC_WEAK = YES;
				CLANG_WARN_BLOCK_CAPTURE_AUTORELEASING = YES;
				CLANG_WARN_BOOL_CONVERSION = YES;
				CLANG_WARN_COMMA = YES;
				CLANG_WARN_CONSTANT_CONVERSION = YES;
				CLANG_WARN_DEPRECATED_OBJC_IMPLEMENTATIONS = YES;
				CLANG_WARN_DIRECT_OBJC_ISA_USAGE = YES_ERROR;
				CLANG_WARN_DOCUMENTATION_COMMENTS = YES;
				CLANG_WARN_EMPTY_BODY = YES;
				CLANG_WARN_ENUM_CONVERSION = YES;
				CLANG_WARN_INFINITE_RECURSION = YES;
				CLANG_WARN_INT_CONVERSION = YES;
				CLANG_WARN_NON_LITERAL_NULL_CONVERSION = YES;
				CLANG_WARN_OBJC_IMPLICIT_RETAIN_SELF = YES;
				CLANG_WARN_OBJC_LITERAL_CONVERSION = YES;
				CLANG_WARN_OBJC_ROOT_CLASS = YES_ERROR;
				CLANG_WARN_QUOTED_INCLUDE_IN_FRAMEWORK_HEADER = YES;
				CLANG_WARN_RANGE_LOOP_ANALYSIS = YES;
				CLANG_WARN_STRICT_PROTOTYPES = YES;
				CLANG_WARN_SUSPICIOUS_MOVE = YES;
				CLANG_WARN_UNGUARDED_AVAILABILITY = YES_AGGRESSIVE;
				CLANG_WARN_UNREACHABLE_CODE = YES;
				CLANG_WARN__DUPLICATE_METHOD_MATCH = YES;
				COPY_PHASE_STRIP = NO;
				DEBUG_INFORMATION_FORMAT = dwarf;
				ENABLE_STRICT_OBJC_MSGSEND = YES;
				ENABLE_TESTABILITY = YES;
				GCC_C_LANGUAGE_STANDARD = gnu11;
				GCC_DYNAMIC_NO_PIC = NO;
				GCC_NO_COMMON_BLOCKS = YES;
				GCC_OPTIMIZATION_LEVEL = 0;
				GCC_PREPROCESSOR_DEFINITIONS = (
					"DEBUG=1",
					"$(inherited)",
				);
				GCC_WARN_64_TO_32_BIT_CONVERSION = YES;
				GCC_WARN_ABOUT_RETURN_TYPE = YES_ERROR;
				GCC_WARN_UNDECLARED_SELECTOR = YES;
				GCC_WARN_UNINITIALIZED_AUTOS = YES_AGGRESSIVE;
				GCC_WARN_UNUSED_FUNCTION = YES;
				GCC_WARN_UNUSED_VARIABLE = YES;
				IPHONEOS_DEPLOYMENT_TARGET = 15.4;
				MTL_ENABLE_DEBUG_INFO = INCLUDE_SOURCE;
				MTL_FAST_MATH = YES;
				ONLY_ACTIVE_ARCH = YES;
				SDKROOT = iphoneos;
				SWIFT_ACTIVE_COMPILATION_CONDITIONS = DEBUG;
				SWIFT_OPTIMIZATION_LEVEL = "-Onone";
			};
			name = Debug;
		};
		9B513CB22858DCF6006865AA /* Release */ = {
			isa = XCBuildConfiguration;
			buildSettings = {
				ALWAYS_SEARCH_USER_PATHS = NO;
				CLANG_ANALYZER_LOCALIZABILITY_NONLOCALIZED = YES;
				CLANG_ANALYZER_NONNULL = YES;
				CLANG_ANALYZER_NUMBER_OBJECT_CONVERSION = YES_AGGRESSIVE;
				CLANG_CXX_LANGUAGE_STANDARD = "gnu++17";
				CLANG_ENABLE_MODULES = YES;
				CLANG_ENABLE_OBJC_ARC = YES;
				CLANG_ENABLE_OBJC_WEAK = YES;
				CLANG_WARN_BLOCK_CAPTURE_AUTORELEASING = YES;
				CLANG_WARN_BOOL_CONVERSION = YES;
				CLANG_WARN_COMMA = YES;
				CLANG_WARN_CONSTANT_CONVERSION = YES;
				CLANG_WARN_DEPRECATED_OBJC_IMPLEMENTATIONS = YES;
				CLANG_WARN_DIRECT_OBJC_ISA_USAGE = YES_ERROR;
				CLANG_WARN_DOCUMENTATION_COMMENTS = YES;
				CLANG_WARN_EMPTY_BODY = YES;
				CLANG_WARN_ENUM_CONVERSION = YES;
				CLANG_WARN_INFINITE_RECURSION = YES;
				CLANG_WARN_INT_CONVERSION = YES;
				CLANG_WARN_NON_LITERAL_NULL_CONVERSION = YES;
				CLANG_WARN_OBJC_IMPLICIT_RETAIN_SELF = YES;
				CLANG_WARN_OBJC_LITERAL_CONVERSION = YES;
				CLANG_WARN_OBJC_ROOT_CLASS = YES_ERROR;
				CLANG_WARN_QUOTED_INCLUDE_IN_FRAMEWORK_HEADER = YES;
				CLANG_WARN_RANGE_LOOP_ANALYSIS = YES;
				CLANG_WARN_STRICT_PROTOTYPES = YES;
				CLANG_WARN_SUSPICIOUS_MOVE = YES;
				CLANG_WARN_UNGUARDED_AVAILABILITY = YES_AGGRESSIVE;
				CLANG_WARN_UNREACHABLE_CODE = YES;
				CLANG_WARN__DUPLICATE_METHOD_MATCH = YES;
				COPY_PHASE_STRIP = NO;
				DEBUG_INFORMATION_FORMAT = "dwarf-with-dsym";
				ENABLE_NS_ASSERTIONS = NO;
				ENABLE_STRICT_OBJC_MSGSEND = YES;
				GCC_C_LANGUAGE_STANDARD = gnu11;
				GCC_NO_COMMON_BLOCKS = YES;
				GCC_WARN_64_TO_32_BIT_CONVERSION = YES;
				GCC_WARN_ABOUT_RETURN_TYPE = YES_ERROR;
				GCC_WARN_UNDECLARED_SELECTOR = YES;
				GCC_WARN_UNINITIALIZED_AUTOS = YES_AGGRESSIVE;
				GCC_WARN_UNUSED_FUNCTION = YES;
				GCC_WARN_UNUSED_VARIABLE = YES;
				IPHONEOS_DEPLOYMENT_TARGET = 15.4;
				MTL_ENABLE_DEBUG_INFO = NO;
				MTL_FAST_MATH = YES;
				SDKROOT = iphoneos;
				SWIFT_COMPILATION_MODE = wholemodule;
				SWIFT_OPTIMIZATION_LEVEL = "-O";
				VALIDATE_PRODUCT = YES;
			};
			name = Release;
		};
		9B513CB42858DCF6006865AA /* Debug */ = {
			isa = XCBuildConfiguration;
			baseConfigurationReference = 3CB7175CFBB55796070E347B /* Pods-Uniuni_Driver.debug.xcconfig */;
			buildSettings = {
				ASSETCATALOG_COMPILER_APPICON_NAME = AppIcon;
				ASSETCATALOG_COMPILER_GLOBAL_ACCENT_COLOR_NAME = AccentColor;
				CODE_SIGN_STYLE = Automatic;
				CURRENT_PROJECT_VERSION = 1;
				GENERATE_INFOPLIST_FILE = YES;
				INFOPLIST_FILE = Uniuni_Driver/Info.plist;
				INFOPLIST_KEY_CFBundleDisplayName = "Uniuni Driver";
				INFOPLIST_KEY_NSLocationWhenInUseUsageDescription = "Your location will be showing on the map.";
				INFOPLIST_KEY_UIApplicationSupportsIndirectInputEvents = YES;
				INFOPLIST_KEY_UILaunchStoryboardName = LaunchScreen;
				INFOPLIST_KEY_UISupportedInterfaceOrientations_iPad = "UIInterfaceOrientationPortrait UIInterfaceOrientationPortraitUpsideDown UIInterfaceOrientationLandscapeLeft UIInterfaceOrientationLandscapeRight";
				INFOPLIST_KEY_UISupportedInterfaceOrientations_iPhone = "UIInterfaceOrientationPortrait UIInterfaceOrientationLandscapeLeft UIInterfaceOrientationLandscapeRight";
				LD_RUNPATH_SEARCH_PATHS = (
					"$(inherited)",
					"@executable_path/Frameworks",
				);
				MARKETING_VERSION = 1.0;
				PRODUCT_BUNDLE_IDENTIFIER = "UniuniExpress.Uniuni-Driver";
				PRODUCT_NAME = "$(TARGET_NAME)";
				SWIFT_EMIT_LOC_STRINGS = YES;
				SWIFT_VERSION = 5.0;
				TARGETED_DEVICE_FAMILY = "1,2";
			};
			name = Debug;
		};
		9B513CB52858DCF6006865AA /* Release */ = {
			isa = XCBuildConfiguration;
			baseConfigurationReference = 01E4D070D0E135850FEA02CF /* Pods-Uniuni_Driver.release.xcconfig */;
			buildSettings = {
				ASSETCATALOG_COMPILER_APPICON_NAME = AppIcon;
				ASSETCATALOG_COMPILER_GLOBAL_ACCENT_COLOR_NAME = AccentColor;
				CODE_SIGN_STYLE = Automatic;
				CURRENT_PROJECT_VERSION = 1;
				GENERATE_INFOPLIST_FILE = YES;
				INFOPLIST_FILE = Uniuni_Driver/Info.plist;
				INFOPLIST_KEY_CFBundleDisplayName = "Uniuni Driver";
				INFOPLIST_KEY_NSLocationWhenInUseUsageDescription = "Your location will be showing on the map.";
				INFOPLIST_KEY_UIApplicationSupportsIndirectInputEvents = YES;
				INFOPLIST_KEY_UILaunchStoryboardName = LaunchScreen;
				INFOPLIST_KEY_UISupportedInterfaceOrientations_iPad = "UIInterfaceOrientationPortrait UIInterfaceOrientationPortraitUpsideDown UIInterfaceOrientationLandscapeLeft UIInterfaceOrientationLandscapeRight";
				INFOPLIST_KEY_UISupportedInterfaceOrientations_iPhone = "UIInterfaceOrientationPortrait UIInterfaceOrientationLandscapeLeft UIInterfaceOrientationLandscapeRight";
				LD_RUNPATH_SEARCH_PATHS = (
					"$(inherited)",
					"@executable_path/Frameworks",
				);
				MARKETING_VERSION = 1.0;
				PRODUCT_BUNDLE_IDENTIFIER = "UniuniExpress.Uniuni-Driver";
				PRODUCT_NAME = "$(TARGET_NAME)";
				SWIFT_EMIT_LOC_STRINGS = YES;
				SWIFT_VERSION = 5.0;
				TARGETED_DEVICE_FAMILY = "1,2";
			};
			name = Release;
		};
		9B513CB72858DCF6006865AA /* Debug */ = {
			isa = XCBuildConfiguration;
			baseConfigurationReference = FC9EE59809FA984C70D90CBA /* Pods-Uniuni_DriverTests.debug.xcconfig */;
			buildSettings = {
				ALWAYS_EMBED_SWIFT_STANDARD_LIBRARIES = YES;
				BUNDLE_LOADER = "$(TEST_HOST)";
				CODE_SIGN_STYLE = Automatic;
				CURRENT_PROJECT_VERSION = 1;
				GENERATE_INFOPLIST_FILE = YES;
				IPHONEOS_DEPLOYMENT_TARGET = 15.4;
				MARKETING_VERSION = 1.0;
				PRODUCT_BUNDLE_IDENTIFIER = "UniuniExpress.Uniuni-DriverTests";
				PRODUCT_NAME = "$(TARGET_NAME)";
				SWIFT_EMIT_LOC_STRINGS = NO;
				SWIFT_VERSION = 5.0;
				TARGETED_DEVICE_FAMILY = "1,2";
				TEST_HOST = "$(BUILT_PRODUCTS_DIR)/Uniuni_Driver.app/Uniuni_Driver";
			};
			name = Debug;
		};
		9B513CB82858DCF6006865AA /* Release */ = {
			isa = XCBuildConfiguration;
			baseConfigurationReference = 72E775C975014F191C9617C4 /* Pods-Uniuni_DriverTests.release.xcconfig */;
			buildSettings = {
				ALWAYS_EMBED_SWIFT_STANDARD_LIBRARIES = YES;
				BUNDLE_LOADER = "$(TEST_HOST)";
				CODE_SIGN_STYLE = Automatic;
				CURRENT_PROJECT_VERSION = 1;
				GENERATE_INFOPLIST_FILE = YES;
				IPHONEOS_DEPLOYMENT_TARGET = 15.4;
				MARKETING_VERSION = 1.0;
				PRODUCT_BUNDLE_IDENTIFIER = "UniuniExpress.Uniuni-DriverTests";
				PRODUCT_NAME = "$(TARGET_NAME)";
				SWIFT_EMIT_LOC_STRINGS = NO;
				SWIFT_VERSION = 5.0;
				TARGETED_DEVICE_FAMILY = "1,2";
				TEST_HOST = "$(BUILT_PRODUCTS_DIR)/Uniuni_Driver.app/Uniuni_Driver";
			};
			name = Release;
		};
/* End XCBuildConfiguration section */

/* Begin XCConfigurationList section */
		9B513C842858DCF5006865AA /* Build configuration list for PBXProject "Uniuni_Driver" */ = {
			isa = XCConfigurationList;
			buildConfigurations = (
				9B513CB12858DCF6006865AA /* Debug */,
				9B513CB22858DCF6006865AA /* Release */,
			);
			defaultConfigurationIsVisible = 0;
			defaultConfigurationName = Release;
		};
		9B513CB32858DCF6006865AA /* Build configuration list for PBXNativeTarget "Uniuni_Driver" */ = {
			isa = XCConfigurationList;
			buildConfigurations = (
				9B513CB42858DCF6006865AA /* Debug */,
				9B513CB52858DCF6006865AA /* Release */,
			);
			defaultConfigurationIsVisible = 0;
			defaultConfigurationName = Release;
		};
		9B513CB62858DCF6006865AA /* Build configuration list for PBXNativeTarget "Uniuni_DriverTests" */ = {
			isa = XCConfigurationList;
			buildConfigurations = (
				9B513CB72858DCF6006865AA /* Debug */,
				9B513CB82858DCF6006865AA /* Release */,
			);
			defaultConfigurationIsVisible = 0;
			defaultConfigurationName = Release;
		};
/* End XCConfigurationList section */

/* Begin XCVersionGroup section */
		9B2CBA2C2862C3010001FA08 /* Uniuni_Driver.xcdatamodeld */ = {
			isa = XCVersionGroup;
			children = (
				9B2CBA2D2862C3010001FA08 /* Uniuni_Driver.xcdatamodel */,
			);
			currentVersion = 9B2CBA2D2862C3010001FA08 /* Uniuni_Driver.xcdatamodel */;
			path = Uniuni_Driver.xcdatamodeld;
			sourceTree = "<group>";
			versionGroupType = wrapper.xcdatamodel;
		};
/* End XCVersionGroup section */
	};
	rootObject = 9B513C812858DCF5006865AA /* Project object */;
}
